{
  "pins" : [
    {
      "identity" : "neumorphic",
      "kind" : "remoteSourceControl",
      "location" : "https://github.com/costachung/neumorphic/",
      "state" : {
        "branch" : "master",
        "revision" : "aae74c3e39fba485a540927e8050f288eff1228c"
      }
    }
  ],
  "version" : 2
}
