// !$*UTF8*$!
{
	archiveVersion = 1;
	classes = {
	};
	objectVersion = 55;
	objects = {

/* Begin PBXBuildFile section */
		AA08C7C6272EDA4A001B8575 /* Assets.xcassets in Resources */ = {isa = PBXBuildFile; fileRef = AA08C7C5272EDA4A001B8575 /* Assets.xcassets */; };
		AA08C7C9272EDA4A001B8575 /* Preview Assets.xcassets in Resources */ = {isa = PBXBuildFile; fileRef = AA08C7C8272EDA4A001B8575 /* Preview Assets.xcassets */; };
		AA17F8942CCE6EC200312BF0 /* Display.swift in Sources */ = {isa = PBXBuildFile; fileRef = AA17F8932CCE6EB900312BF0 /* Display.swift */; };
		AA1934532C96956100FE0848 /* NumberTranslator in Frameworks */ = {isa = PBXBuildFile; productRef = AA1934522C96956100FE0848 /* NumberTranslator */; };
		AA29F58A293CD608001ADF5A /* NumberDisplay.swift in Sources */ = {isa = PBXBuildFile; fileRef = AA29F589293CD608001ADF5A /* NumberDisplay.swift */; };
		AA2EBFB52CD52A0B009DC3D8 /* SelectedLanguagekeyboard.swift in Sources */ = {isa = PBXBuildFile; fileRef = AA2EBFB42CD52A03009DC3D8 /* SelectedLanguagekeyboard.swift */; };
		AA30BC1D2CD49AB3002AA2D5 /* TranslatorKeyboard.swift in Sources */ = {isa = PBXBuildFile; fileRef = AA30BC1C2CD49AA9002AA2D5 /* TranslatorKeyboard.swift */; };
		AA30BC1F2CD4A2E9002AA2D5 /* LanguageSelectorKeyboard.swift in Sources */ = {isa = PBXBuildFile; fileRef = AA30BC1E2CD4A2DF002AA2D5 /* LanguageSelectorKeyboard.swift */; };
		AA32853B297248B800D86CB4 /* ViewModel.swift in Sources */ = {isa = PBXBuildFile; fileRef = AA32853A297248B800D86CB4 /* ViewModel.swift */; };
		AA3565B02B32588B009B58D2 /* TranslationManager.swift in Sources */ = {isa = PBXBuildFile; fileRef = AA3565AF2B32588B009B58D2 /* TranslationManager.swift */; };
		AA370C2D293352960041AE4E /* Extensions.swift in Sources */ = {isa = PBXBuildFile; fileRef = AA370C2C293352960041AE4E /* Extensions.swift */; };
		AA3FB8272920E0E5002ECCEB /* Settings.swift in Sources */ = {isa = PBXBuildFile; fileRef = AA3FB8262920E0E5002ECCEB /* Settings.swift */; };
		AA659AB82B3FDE73004CF20A /* Persistent.swift in Sources */ = {isa = PBXBuildFile; fileRef = AA659AB72B3FDE73004CF20A /* Persistent.swift */; };
		AA8A91112B1D7B5F00CE7185 /* TranslateNumbersApp.swift in Sources */ = {isa = PBXBuildFile; fileRef = AA2FABFF272F2348006DE4C8 /* TranslateNumbersApp.swift */; };
		AA8A91122B1D7B7100CE7185 /* TranslateNumbers.swift in Sources */ = {isa = PBXBuildFile; fileRef = AA92B4C829273A58005E43F0 /* TranslateNumbers.swift */; };
		AA8A91142B1D7FD000CE7185 /* TranslatedDisplay.swift in Sources */ = {isa = PBXBuildFile; fileRef = AA8A91132B1D7FD000CE7185 /* TranslatedDisplay.swift */; };
		AA8AC41E2CD62174006BD54C /* SymbolKey.swift in Sources */ = {isa = PBXBuildFile; fileRef = AA8AC41D2CD62173006BD54C /* SymbolKey.swift */; };
		AA8AC4202CD62183006BD54C /* FlagKey.swift in Sources */ = {isa = PBXBuildFile; fileRef = AA8AC41F2CD62180006BD54C /* FlagKey.swift */; };
		AA8AC4222CD62661006BD54C /* KeyPressModifier.swift in Sources */ = {isa = PBXBuildFile; fileRef = AA8AC4212CD62655006BD54C /* KeyPressModifier.swift */; };
		AA8AC4262CD6FEB7006BD54C /* Key.swift in Sources */ = {isa = PBXBuildFile; fileRef = AA8AC4252CD6FEB4006BD54C /* Key.swift */; };
		AA8AC4282CD70883006BD54C /* KeyView.swift in Sources */ = {isa = PBXBuildFile; fileRef = AA8AC4272CD7087E006BD54C /* KeyView.swift */; };
		AA9C3F6A2CBF33C800F64EFA /* SmallKeyboard.swift in Sources */ = {isa = PBXBuildFile; fileRef = AA9C3F692CBF33C100F64EFA /* SmallKeyboard.swift */; };
		AA9C3F6D2CBF373C00F64EFA /* SmallKeyboardView.swift in Sources */ = {isa = PBXBuildFile; fileRef = AA9C3F6C2CBF373600F64EFA /* SmallKeyboardView.swift */; };
		AA9DCD662CA10E13002EBCE5 /* SwiftGmp in Frameworks */ = {isa = PBXBuildFile; productRef = AA9DCD652CA10E13002EBCE5 /* SwiftGmp */; };
		AAB10B9A292A2222004707E9 /* Label.swift in Sources */ = {isa = PBXBuildFile; fileRef = AAB10B94292A2222004707E9 /* Label.swift */; };
		AABBE2C12CD05A6600AE9C87 /* ConfigOperation.swift in Sources */ = {isa = PBXBuildFile; fileRef = AABBE2C02CD05A5B00AE9C87 /* ConfigOperation.swift */; };
		AABEFC132972A8780023A3C9 /* KeyColor.swift in Sources */ = {isa = PBXBuildFile; fileRef = AABEFC122972A8780023A3C9 /* KeyColor.swift */; };
		AAC810DA2CD119E40007807E /* FloatingSheet.swift in Sources */ = {isa = PBXBuildFile; fileRef = AAC810D92CD119E00007807E /* FloatingSheet.swift */; };
		AAE426F729597AE3005FE365 /* Screen.swift in Sources */ = {isa = PBXBuildFile; fileRef = AAE426F629597AE3005FE365 /* Screen.swift */; };
		AAF472672B452BD000E7B986 /* Voices.swift in Sources */ = {isa = PBXBuildFile; fileRef = AAF472662B452BD000E7B986 /* Voices.swift */; };
/* End PBXBuildFile section */

/* Begin PBXCopyFilesBuildPhase section */
		AA2FABED272F2136006DE4C8 /* Embed Frameworks */ = {
			isa = PBXCopyFilesBuildPhase;
			buildActionMask = 2147483647;
			dstPath = "";
			dstSubfolderSpec = 10;
			files = (
			);
			name = "Embed Frameworks";
			runOnlyForDeploymentPostprocessing = 0;
		};
/* End PBXCopyFilesBuildPhase section */

/* Begin PBXFileReference section */
		AA08C7BE272EDA48001B8575 /* TranslateNumbers.app */ = {isa = PBXFileReference; explicitFileType = wrapper.application; includeInIndex = 0; path = TranslateNumbers.app; sourceTree = BUILT_PRODUCTS_DIR; };
		AA08C7C5272EDA4A001B8575 /* Assets.xcassets */ = {isa = PBXFileReference; lastKnownFileType = folder.assetcatalog; path = Assets.xcassets; sourceTree = "<group>"; };
		AA08C7C8272EDA4A001B8575 /* Preview Assets.xcassets */ = {isa = PBXFileReference; lastKnownFileType = folder.assetcatalog; path = "Preview Assets.xcassets"; sourceTree = "<group>"; };
		AA08C7EB272F1241001B8575 /* TranslateNumbers.entitlements */ = {isa = PBXFileReference; lastKnownFileType = text.plist.entitlements; path = TranslateNumbers.entitlements; sourceTree = "<group>"; };
		AA08C7EC272F1572001B8575 /* Info.plist */ = {isa = PBXFileReference; lastKnownFileType = text.plist; path = Info.plist; sourceTree = "<group>"; };
		AA17F8932CCE6EB900312BF0 /* Display.swift */ = {isa = PBXFileReference; lastKnownFileType = sourcecode.swift; path = Display.swift; sourceTree = "<group>"; };
		AA21B8192CACC10700A1C118 /* SwiftGmp */ = {isa = PBXFileReference; lastKnownFileType = wrapper; name = SwiftGmp; path = ../SwiftGmp; sourceTree = SOURCE_ROOT; };
		AA21B81A2CACC5A700A1C118 /* NumberTranslator */ = {isa = PBXFileReference; lastKnownFileType = wrapper; name = NumberTranslator; path = ../NumberTranslator; sourceTree = SOURCE_ROOT; };
		AA29F589293CD608001ADF5A /* NumberDisplay.swift */ = {isa = PBXFileReference; lastKnownFileType = sourcecode.swift; path = NumberDisplay.swift; sourceTree = "<group>"; };
		AA2EBFB42CD52A03009DC3D8 /* SelectedLanguagekeyboard.swift */ = {isa = PBXFileReference; lastKnownFileType = sourcecode.swift; path = SelectedLanguagekeyboard.swift; sourceTree = "<group>"; };
		AA2FABFC272F2348006DE4C8 /* TranslateNumbersApp.entitlements */ = {isa = PBXFileReference; fileEncoding = 4; lastKnownFileType = text.plist.entitlements; path = TranslateNumbersApp.entitlements; sourceTree = "<group>"; };
		AA2FABFF272F2348006DE4C8 /* TranslateNumbersApp.swift */ = {isa = PBXFileReference; fileEncoding = 4; lastKnownFileType = sourcecode.swift; path = TranslateNumbersApp.swift; sourceTree = "<group>"; };
		AA30BC1C2CD49AA9002AA2D5 /* TranslatorKeyboard.swift */ = {isa = PBXFileReference; lastKnownFileType = sourcecode.swift; path = TranslatorKeyboard.swift; sourceTree = "<group>"; };
		AA30BC1E2CD4A2DF002AA2D5 /* LanguageSelectorKeyboard.swift */ = {isa = PBXFileReference; lastKnownFileType = sourcecode.swift; path = LanguageSelectorKeyboard.swift; sourceTree = "<group>"; };
		AA32853A297248B800D86CB4 /* ViewModel.swift */ = {isa = PBXFileReference; lastKnownFileType = sourcecode.swift; path = ViewModel.swift; sourceTree = "<group>"; };
		AA3565AF2B32588B009B58D2 /* TranslationManager.swift */ = {isa = PBXFileReference; lastKnownFileType = sourcecode.swift; path = TranslationManager.swift; sourceTree = "<group>"; };
		AA370C2C293352960041AE4E /* Extensions.swift */ = {isa = PBXFileReference; fileEncoding = 4; lastKnownFileType = sourcecode.swift; path = Extensions.swift; sourceTree = "<group>"; };
		AA3FB8262920E0E5002ECCEB /* Settings.swift */ = {isa = PBXFileReference; lastKnownFileType = sourcecode.swift; path = Settings.swift; sourceTree = "<group>"; };
		AA6352B02B296C3B00CABC0C /* TODO.md */ = {isa = PBXFileReference; lastKnownFileType = net.daringfireball.markdown; path = TODO.md; sourceTree = "<group>"; };
		AA659AB72B3FDE73004CF20A /* Persistent.swift */ = {isa = PBXFileReference; lastKnownFileType = sourcecode.swift; path = Persistent.swift; sourceTree = "<group>"; };
		AA8A91132B1D7FD000CE7185 /* TranslatedDisplay.swift */ = {isa = PBXFileReference; lastKnownFileType = sourcecode.swift; path = TranslatedDisplay.swift; sourceTree = "<group>"; };
		AA8AC41D2CD62173006BD54C /* SymbolKey.swift */ = {isa = PBXFileReference; lastKnownFileType = sourcecode.swift; path = SymbolKey.swift; sourceTree = "<group>"; };
		AA8AC41F2CD62180006BD54C /* FlagKey.swift */ = {isa = PBXFileReference; lastKnownFileType = sourcecode.swift; path = FlagKey.swift; sourceTree = "<group>"; };
		AA8AC4212CD62655006BD54C /* KeyPressModifier.swift */ = {isa = PBXFileReference; lastKnownFileType = sourcecode.swift; path = KeyPressModifier.swift; sourceTree = "<group>"; };
		AA8AC4252CD6FEB4006BD54C /* Key.swift */ = {isa = PBXFileReference; lastKnownFileType = sourcecode.swift; path = Key.swift; sourceTree = "<group>"; };
		AA8AC4272CD7087E006BD54C /* KeyView.swift */ = {isa = PBXFileReference; lastKnownFileType = sourcecode.swift; path = KeyView.swift; sourceTree = "<group>"; };
		AA92B4C829273A58005E43F0 /* TranslateNumbers.swift */ = {isa = PBXFileReference; lastKnownFileType = sourcecode.swift; path = TranslateNumbers.swift; sourceTree = "<group>"; };
		AA9C3F692CBF33C100F64EFA /* SmallKeyboard.swift */ = {isa = PBXFileReference; lastKnownFileType = sourcecode.swift; path = SmallKeyboard.swift; sourceTree = "<group>"; };
		AA9C3F6C2CBF373600F64EFA /* SmallKeyboardView.swift */ = {isa = PBXFileReference; lastKnownFileType = sourcecode.swift; path = SmallKeyboardView.swift; sourceTree = "<group>"; };
		AAB10B94292A2222004707E9 /* Label.swift */ = {isa = PBXFileReference; fileEncoding = 4; lastKnownFileType = sourcecode.swift; path = Label.swift; sourceTree = "<group>"; };
		AABBE2C02CD05A5B00AE9C87 /* ConfigOperation.swift */ = {isa = PBXFileReference; lastKnownFileType = sourcecode.swift; path = ConfigOperation.swift; sourceTree = "<group>"; };
		AABEFC122972A8780023A3C9 /* KeyColor.swift */ = {isa = PBXFileReference; lastKnownFileType = sourcecode.swift; path = KeyColor.swift; sourceTree = "<group>"; };
		AAC810D92CD119E00007807E /* FloatingSheet.swift */ = {isa = PBXFileReference; lastKnownFileType = sourcecode.swift; path = FloatingSheet.swift; sourceTree = "<group>"; };
		AACCD0772B43A89A00D545C5 /* README.md */ = {isa = PBXFileReference; lastKnownFileType = net.daringfireball.markdown; name = README.md; path = "../1-translate-tests/README.md"; sourceTree = "<group>"; };
		AAE426F629597AE3005FE365 /* Screen.swift */ = {isa = PBXFileReference; lastKnownFileType = sourcecode.swift; path = Screen.swift; sourceTree = "<group>"; };
		AAF472662B452BD000E7B986 /* Voices.swift */ = {isa = PBXFileReference; lastKnownFileType = sourcecode.swift; path = Voices.swift; sourceTree = "<group>"; };
/* End PBXFileReference section */

/* Begin PBXFrameworksBuildPhase section */
		AA08C7BB272EDA48001B8575 /* Frameworks */ = {
			isa = PBXFrameworksBuildPhase;
			buildActionMask = 2147483647;
			files = (
				AA1934532C96956100FE0848 /* NumberTranslator in Frameworks */,
				AA9DCD662CA10E13002EBCE5 /* SwiftGmp in Frameworks */,
			);
			runOnlyForDeploymentPostprocessing = 0;
		};
/* End PBXFrameworksBuildPhase section */

/* Begin PBXGroup section */
		AA08C7B5272EDA48001B8575 = {
			isa = PBXGroup;
			children = (
				AA21B81A2CACC5A700A1C118 /* NumberTranslator */,
				AA21B8192CACC10700A1C118 /* SwiftGmp */,
				AACCD0772B43A89A00D545C5 /* README.md */,
				AA6352B02B296C3B00CABC0C /* TODO.md */,
				AA08C7EB272F1241001B8575 /* TranslateNumbers.entitlements */,
				AA08C7C0272EDA48001B8575 /* Source */,
				AA08C7BF272EDA48001B8575 /* Products */,
			);
			sourceTree = "<group>";
		};
		AA08C7BF272EDA48001B8575 /* Products */ = {
			isa = PBXGroup;
			children = (
				AA08C7BE272EDA48001B8575 /* TranslateNumbers.app */,
			);
			name = Products;
			sourceTree = "<group>";
		};
		AA08C7C0272EDA48001B8575 /* Source */ = {
			isa = PBXGroup;
			children = (
				AA8AC4252CD6FEB4006BD54C /* Key.swift */,
				AA8AC4272CD7087E006BD54C /* KeyView.swift */,
				AA8AC4212CD62655006BD54C /* KeyPressModifier.swift */,
				AA8AC41F2CD62180006BD54C /* FlagKey.swift */,
				AA8AC41D2CD62173006BD54C /* SymbolKey.swift */,
				AAC810D92CD119E00007807E /* FloatingSheet.swift */,
				AA3565BB2B326DE9009B58D2 /* Languages */,
				AA2FABFF272F2348006DE4C8 /* TranslateNumbersApp.swift */,
				AA32853A297248B800D86CB4 /* ViewModel.swift */,
				AABBE2C02CD05A5B00AE9C87 /* ConfigOperation.swift */,
				AA17F8932CCE6EB900312BF0 /* Display.swift */,
				AABEFC122972A8780023A3C9 /* KeyColor.swift */,
				AA9C3F692CBF33C100F64EFA /* SmallKeyboard.swift */,
				AA9C3F6C2CBF373600F64EFA /* SmallKeyboardView.swift */,
				AA30BC1C2CD49AA9002AA2D5 /* TranslatorKeyboard.swift */,
				AA30BC1E2CD4A2DF002AA2D5 /* LanguageSelectorKeyboard.swift */,
				AA2EBFB42CD52A03009DC3D8 /* SelectedLanguagekeyboard.swift */,
				AAF472662B452BD000E7B986 /* Voices.swift */,
				AA92B4C829273A58005E43F0 /* TranslateNumbers.swift */,
				AAE426F629597AE3005FE365 /* Screen.swift */,
				AA8A91132B1D7FD000CE7185 /* TranslatedDisplay.swift */,
				AA29F589293CD608001ADF5A /* NumberDisplay.swift */,
				AA370C2C293352960041AE4E /* Extensions.swift */,
				AA3FB8262920E0E5002ECCEB /* Settings.swift */,
				AAB10B94292A2222004707E9 /* Label.swift */,
				AA2FABFC272F2348006DE4C8 /* TranslateNumbersApp.entitlements */,
				AA08C7EC272F1572001B8575 /* Info.plist */,
				AA08C7C5272EDA4A001B8575 /* Assets.xcassets */,
				AA08C7C7272EDA4A001B8575 /* Preview Content */,
				AA659AB72B3FDE73004CF20A /* Persistent.swift */,
			);
			path = Source;
			sourceTree = SOURCE_ROOT;
		};
		AA08C7C7272EDA4A001B8575 /* Preview Content */ = {
			isa = PBXGroup;
			children = (
				AA08C7C8272EDA4A001B8575 /* Preview Assets.xcassets */,
			);
			path = "Preview Content";
			sourceTree = "<group>";
		};
		AA3565BB2B326DE9009B58D2 /* Languages */ = {
			isa = PBXGroup;
			children = (
				AA3565AF2B32588B009B58D2 /* TranslationManager.swift */,
			);
			path = Languages;
			sourceTree = "<group>";
		};
/* End PBXGroup section */

/* Begin PBXNativeTarget section */
		AA08C7BD272EDA48001B8575 /* TranslateNumbers */ = {
			isa = PBXNativeTarget;
			buildConfigurationList = AA08C7E2272EDA4A001B8575 /* Build configuration list for PBXNativeTarget "TranslateNumbers" */;
			buildPhases = (
				AA08C7BA272EDA48001B8575 /* Sources */,
				AA08C7BB272EDA48001B8575 /* Frameworks */,
				AA08C7BC272EDA48001B8575 /* Resources */,
				AA2FABED272F2136006DE4C8 /* Embed Frameworks */,
			);
			buildRules = (
			);
			dependencies = (
			);
			name = TranslateNumbers;
			productName = xx;
			productReference = AA08C7BE272EDA48001B8575 /* TranslateNumbers.app */;
			productType = "com.apple.product-type.application";
		};
/* End PBXNativeTarget section */

/* Begin PBXProject section */
		AA08C7B6272EDA48001B8575 /* Project object */ = {
			isa = PBXProject;
			attributes = {
				BuildIndependentTargetsInParallel = 1;
				LastSwiftUpdateCheck = 1540;
				LastUpgradeCheck = 1600;
				TargetAttributes = {
					AA08C7BD272EDA48001B8575 = {
						CreatedOnToolsVersion = 13.1;
					};
				};
			};
			buildConfigurationList = AA08C7B9272EDA48001B8575 /* Build configuration list for PBXProject "TranslateNumbers" */;
			compatibilityVersion = "Xcode 13.0";
			developmentRegion = en;
			hasScannedForEncodings = 0;
			knownRegions = (
				en,
				Base,
			);
			mainGroup = AA08C7B5272EDA48001B8575;
			packageReferences = (
				AA1934512C96956100FE0848 /* XCRemoteSwiftPackageReference "NumberTranslator" */,
				AA9DCD642CA10E13002EBCE5 /* XCRemoteSwiftPackageReference "SwiftGmp" */,
			);
			productRefGroup = AA08C7BF272EDA48001B8575 /* Products */;
			projectDirPath = "";
			projectRoot = "";
			targets = (
				AA08C7BD272EDA48001B8575 /* TranslateNumbers */,
			);
		};
/* End PBXProject section */

/* Begin PBXResourcesBuildPhase section */
		AA08C7BC272EDA48001B8575 /* Resources */ = {
			isa = PBXResourcesBuildPhase;
			buildActionMask = 2147483647;
			files = (
				AA08C7C9272EDA4A001B8575 /* Preview Assets.xcassets in Resources */,
				AA08C7C6272EDA4A001B8575 /* Assets.xcassets in Resources */,
			);
			runOnlyForDeploymentPostprocessing = 0;
		};
/* End PBXResourcesBuildPhase section */

/* Begin PBXSourcesBuildPhase section */
		AA08C7BA272EDA48001B8575 /* Sources */ = {
			isa = PBXSourcesBuildPhase;
			buildActionMask = 2147483647;
			files = (
				AA8A91122B1D7B7100CE7185 /* TranslateNumbers.swift in Sources */,
				AA17F8942CCE6EC200312BF0 /* Display.swift in Sources */,
				AA9C3F6D2CBF373C00F64EFA /* SmallKeyboardView.swift in Sources */,
				AA8AC4222CD62661006BD54C /* KeyPressModifier.swift in Sources */,
				AA2EBFB52CD52A0B009DC3D8 /* SelectedLanguagekeyboard.swift in Sources */,
				AA32853B297248B800D86CB4 /* ViewModel.swift in Sources */,
				AAC810DA2CD119E40007807E /* FloatingSheet.swift in Sources */,
				AA370C2D293352960041AE4E /* Extensions.swift in Sources */,
				AA8AC4202CD62183006BD54C /* FlagKey.swift in Sources */,
				AA8AC4282CD70883006BD54C /* KeyView.swift in Sources */,
				AA29F58A293CD608001ADF5A /* NumberDisplay.swift in Sources */,
				AA3565B02B32588B009B58D2 /* TranslationManager.swift in Sources */,
				AA8A91142B1D7FD000CE7185 /* TranslatedDisplay.swift in Sources */,
				AA8AC41E2CD62174006BD54C /* SymbolKey.swift in Sources */,
				AAF472672B452BD000E7B986 /* Voices.swift in Sources */,
				AABBE2C12CD05A6600AE9C87 /* ConfigOperation.swift in Sources */,
				AABEFC132972A8780023A3C9 /* KeyColor.swift in Sources */,
				AA9C3F6A2CBF33C800F64EFA /* SmallKeyboard.swift in Sources */,
				AA659AB82B3FDE73004CF20A /* Persistent.swift in Sources */,
				AAB10B9A292A2222004707E9 /* Label.swift in Sources */,
				AAE426F729597AE3005FE365 /* Screen.swift in Sources */,
				AA30BC1D2CD49AB3002AA2D5 /* TranslatorKeyboard.swift in Sources */,
				AA30BC1F2CD4A2E9002AA2D5 /* LanguageSelectorKeyboard.swift in Sources */,
				AA8AC4262CD6FEB7006BD54C /* Key.swift in Sources */,
				AA8A91112B1D7B5F00CE7185 /* TranslateNumbersApp.swift in Sources */,
				AA3FB8272920E0E5002ECCEB /* Settings.swift in Sources */,
			);
			runOnlyForDeploymentPostprocessing = 0;
		};
/* End PBXSourcesBuildPhase section */

/* Begin XCBuildConfiguration section */
		AA08C7E0272EDA4A001B8575 /* Debug */ = {
			isa = XCBuildConfiguration;
			buildSettings = {
				ALWAYS_SEARCH_USER_PATHS = NO;
				ASSETCATALOG_COMPILER_GENERATE_SWIFT_ASSET_SYMBOL_EXTENSIONS = YES;
				CLANG_ANALYZER_NONNULL = YES;
				CLANG_ANALYZER_NUMBER_OBJECT_CONVERSION = YES_AGGRESSIVE;
				CLANG_CXX_LANGUAGE_STANDARD = "gnu++17";
				CLANG_CXX_LIBRARY = "libc++";
				CLANG_ENABLE_MODULES = YES;
				CLANG_ENABLE_OBJC_ARC = YES;
				CLANG_ENABLE_OBJC_WEAK = YES;
				CLANG_WARN_BLOCK_CAPTURE_AUTORELEASING = YES;
				CLANG_WARN_BOOL_CONVERSION = YES;
				CLANG_WARN_COMMA = YES;
				CLANG_WARN_CONSTANT_CONVERSION = YES;
				CLANG_WARN_DEPRECATED_OBJC_IMPLEMENTATIONS = YES;
				CLANG_WARN_DIRECT_OBJC_ISA_USAGE = YES_ERROR;
				CLANG_WARN_DOCUMENTATION_COMMENTS = YES;
				CLANG_WARN_EMPTY_BODY = YES;
				CLANG_WARN_ENUM_CONVERSION = YES;
				CLANG_WARN_INFINITE_RECURSION = YES;
				CLANG_WARN_INT_CONVERSION = YES;
				CLANG_WARN_NON_LITERAL_NULL_CONVERSION = YES;
				CLANG_WARN_OBJC_IMPLICIT_RETAIN_SELF = YES;
				CLANG_WARN_OBJC_LITERAL_CONVERSION = YES;
				CLANG_WARN_OBJC_ROOT_CLASS = YES_ERROR;
				CLANG_WARN_QUOTED_INCLUDE_IN_FRAMEWORK_HEADER = YES;
				CLANG_WARN_RANGE_LOOP_ANALYSIS = YES;
				CLANG_WARN_STRICT_PROTOTYPES = YES;
				CLANG_WARN_SUSPICIOUS_MOVE = YES;
				CLANG_WARN_UNGUARDED_AVAILABILITY = YES_AGGRESSIVE;
				CLANG_WARN_UNREACHABLE_CODE = YES;
				CLANG_WARN__DUPLICATE_METHOD_MATCH = YES;
				COPY_PHASE_STRIP = NO;
				DEBUG_INFORMATION_FORMAT = dwarf;
				ENABLE_STRICT_OBJC_MSGSEND = YES;
				ENABLE_TESTABILITY = YES;
				ENABLE_USER_SCRIPT_SANDBOXING = YES;
				GCC_C_LANGUAGE_STANDARD = gnu11;
				GCC_DYNAMIC_NO_PIC = NO;
				GCC_NO_COMMON_BLOCKS = YES;
				GCC_OPTIMIZATION_LEVEL = 0;
				GCC_PREPROCESSOR_DEFINITIONS = (
					"DEBUG=1",
					"$(inherited)",
				);
				GCC_WARN_64_TO_32_BIT_CONVERSION = YES;
				GCC_WARN_ABOUT_RETURN_TYPE = YES_ERROR;
				GCC_WARN_UNDECLARED_SELECTOR = YES;
				GCC_WARN_UNINITIALIZED_AUTOS = YES_AGGRESSIVE;
				GCC_WARN_UNUSED_FUNCTION = YES;
				GCC_WARN_UNUSED_VARIABLE = YES;
				INFOPLIST_KEY_CFBundleDisplayName = "1 translate";
				IPHONEOS_DEPLOYMENT_TARGET = 15.0;
				MACOSX_DEPLOYMENT_TARGET = 12.0;
				MTL_ENABLE_DEBUG_INFO = INCLUDE_SOURCE;
				MTL_FAST_MATH = YES;
				ONLY_ACTIVE_ARCH = YES;
				PRODUCT_NAME = TranslateNumbers;
				SDKROOT = iphoneos;
				SWIFT_ACTIVE_COMPILATION_CONDITIONS = DEBUG;
				SWIFT_OPTIMIZATION_LEVEL = "-Onone";
			};
			name = Debug;
		};
		AA08C7E1272EDA4A001B8575 /* Release */ = {
			isa = XCBuildConfiguration;
			buildSettings = {
				ALWAYS_SEARCH_USER_PATHS = NO;
				ASSETCATALOG_COMPILER_GENERATE_SWIFT_ASSET_SYMBOL_EXTENSIONS = YES;
				CLANG_ANALYZER_NONNULL = YES;
				CLANG_ANALYZER_NUMBER_OBJECT_CONVERSION = YES_AGGRESSIVE;
				CLANG_CXX_LANGUAGE_STANDARD = "gnu++17";
				CLANG_CXX_LIBRARY = "libc++";
				CLANG_ENABLE_MODULES = YES;
				CLANG_ENABLE_OBJC_ARC = YES;
				CLANG_ENABLE_OBJC_WEAK = YES;
				CLANG_WARN_BLOCK_CAPTURE_AUTORELEASING = YES;
				CLANG_WARN_BOOL_CONVERSION = YES;
				CLANG_WARN_COMMA = YES;
				CLANG_WARN_CONSTANT_CONVERSION = YES;
				CLANG_WARN_DEPRECATED_OBJC_IMPLEMENTATIONS = YES;
				CLANG_WARN_DIRECT_OBJC_ISA_USAGE = YES_ERROR;
				CLANG_WARN_DOCUMENTATION_COMMENTS = YES;
				CLANG_WARN_EMPTY_BODY = YES;
				CLANG_WARN_ENUM_CONVERSION = YES;
				CLANG_WARN_INFINITE_RECURSION = YES;
				CLANG_WARN_INT_CONVERSION = YES;
				CLANG_WARN_NON_LITERAL_NULL_CONVERSION = YES;
				CLANG_WARN_OBJC_IMPLICIT_RETAIN_SELF = YES;
				CLANG_WARN_OBJC_LITERAL_CONVERSION = YES;
				CLANG_WARN_OBJC_ROOT_CLASS = YES_ERROR;
				CLANG_WARN_QUOTED_INCLUDE_IN_FRAMEWORK_HEADER = YES;
				CLANG_WARN_RANGE_LOOP_ANALYSIS = YES;
				CLANG_WARN_STRICT_PROTOTYPES = YES;
				CLANG_WARN_SUSPICIOUS_MOVE = YES;
				CLANG_WARN_UNGUARDED_AVAILABILITY = YES_AGGRESSIVE;
				CLANG_WARN_UNREACHABLE_CODE = YES;
				CLANG_WARN__DUPLICATE_METHOD_MATCH = YES;
				COPY_PHASE_STRIP = NO;
				DEBUG_INFORMATION_FORMAT = "dwarf-with-dsym";
				ENABLE_NS_ASSERTIONS = NO;
				ENABLE_STRICT_OBJC_MSGSEND = YES;
				ENABLE_USER_SCRIPT_SANDBOXING = YES;
				GCC_C_LANGUAGE_STANDARD = gnu11;
				GCC_NO_COMMON_BLOCKS = YES;
				GCC_WARN_64_TO_32_BIT_CONVERSION = YES;
				GCC_WARN_ABOUT_RETURN_TYPE = YES_ERROR;
				GCC_WARN_UNDECLARED_SELECTOR = YES;
				GCC_WARN_UNINITIALIZED_AUTOS = YES_AGGRESSIVE;
				GCC_WARN_UNUSED_FUNCTION = YES;
				GCC_WARN_UNUSED_VARIABLE = YES;
				INFOPLIST_KEY_CFBundleDisplayName = "1 translate";
				IPHONEOS_DEPLOYMENT_TARGET = 15.0;
				MACOSX_DEPLOYMENT_TARGET = 12.0;
				MTL_ENABLE_DEBUG_INFO = NO;
				MTL_FAST_MATH = YES;
				ONLY_ACTIVE_ARCH = YES;
				PRODUCT_NAME = TranslateNumbers;
				SDKROOT = iphoneos;
				SWIFT_COMPILATION_MODE = wholemodule;
				SWIFT_OPTIMIZATION_LEVEL = "-O";
				VALIDATE_PRODUCT = YES;
			};
			name = Release;
		};
		AA08C7E3272EDA4A001B8575 /* Debug */ = {
			isa = XCBuildConfiguration;
			buildSettings = {
				ASSETCATALOG_COMPILER_APPICON_NAME = AppIcon;
				ASSETCATALOG_COMPILER_GLOBAL_ACCENT_COLOR_NAME = AccentColor;
				ASSETCATALOG_COMPILER_INCLUDE_ALL_APPICON_ASSETS = NO;
				CODE_SIGN_ENTITLEMENTS = TranslateNumbers.entitlements;
				CODE_SIGN_STYLE = Automatic;
				CURRENT_PROJECT_VERSION = 7;
				DEVELOPMENT_ASSET_PATHS = "\"Source/Preview Content\"";
				DEVELOPMENT_TEAM = 8A4DL788W9;
				ENABLE_PREVIEWS = YES;
				GENERATE_INFOPLIST_FILE = YES;
				INFOPLIST_FILE = Source/Info.plist;
				INFOPLIST_KEY_CFBundleDisplayName = "1 translate";
				INFOPLIST_KEY_LSApplicationCategoryType = "public.app-category.utilities";
				INFOPLIST_KEY_UIApplicationSceneManifest_Generation = YES;
				INFOPLIST_KEY_UIApplicationSupportsIndirectInputEvents = YES;
				INFOPLIST_KEY_UILaunchScreen_Generation = YES;
				INFOPLIST_KEY_UIRequiresFullScreen = YES;
				INFOPLIST_KEY_UIStatusBarHidden = NO;
				INFOPLIST_KEY_UISupportedInterfaceOrientations = UIInterfaceOrientationPortrait;
				IPHONEOS_DEPLOYMENT_TARGET = 18.0;
				LD_RUNPATH_SEARCH_PATHS = (
					"$(inherited)",
					"@executable_path/Frameworks",
				);
				MARKETING_VERSION = 1.18;
				PRODUCT_BUNDLE_IDENTIFIER = com.joachimneumann.TranslateNumbers;
				PRODUCT_NAME = TranslateNumbers;
				SUPPORTED_PLATFORMS = "iphoneos iphonesimulator";
				SUPPORTS_MACCATALYST = NO;
				SUPPORTS_MAC_DESIGNED_FOR_IPHONE_IPAD = NO;
				SUPPORTS_XR_DESIGNED_FOR_IPHONE_IPAD = NO;
				SWIFT_EMIT_LOC_STRINGS = YES;
				SWIFT_ENFORCE_EXCLUSIVE_ACCESS = off;
				SWIFT_VERSION = 5.0;
				TARGETED_DEVICE_FAMILY = 1;
			};
			name = Debug;
		};
		AA08C7E4272EDA4A001B8575 /* Release */ = {
			isa = XCBuildConfiguration;
			buildSettings = {
				ASSETCATALOG_COMPILER_APPICON_NAME = AppIcon;
				ASSETCATALOG_COMPILER_GLOBAL_ACCENT_COLOR_NAME = AccentColor;
				ASSETCATALOG_COMPILER_INCLUDE_ALL_APPICON_ASSETS = NO;
				CODE_SIGN_ENTITLEMENTS = TranslateNumbers.entitlements;
				CODE_SIGN_STYLE = Automatic;
				CURRENT_PROJECT_VERSION = 7;
				DEVELOPMENT_ASSET_PATHS = "\"Source/Preview Content\"";
				DEVELOPMENT_TEAM = 8A4DL788W9;
				ENABLE_PREVIEWS = YES;
				GENERATE_INFOPLIST_FILE = YES;
				INFOPLIST_FILE = Source/Info.plist;
				INFOPLIST_KEY_CFBundleDisplayName = "1 translate";
				INFOPLIST_KEY_LSApplicationCategoryType = "public.app-category.utilities";
				INFOPLIST_KEY_UIApplicationSceneManifest_Generation = YES;
				INFOPLIST_KEY_UIApplicationSupportsIndirectInputEvents = YES;
				INFOPLIST_KEY_UILaunchScreen_Generation = YES;
				INFOPLIST_KEY_UIRequiresFullScreen = YES;
				INFOPLIST_KEY_UIStatusBarHidden = NO;
				INFOPLIST_KEY_UISupportedInterfaceOrientations = UIInterfaceOrientationPortrait;
				IPHONEOS_DEPLOYMENT_TARGET = 18.0;
				LD_RUNPATH_SEARCH_PATHS = (
					"$(inherited)",
					"@executable_path/Frameworks",
				);
				MARKETING_VERSION = 1.18;
				PRODUCT_BUNDLE_IDENTIFIER = com.joachimneumann.TranslateNumbers;
				PRODUCT_NAME = TranslateNumbers;
				SUPPORTED_PLATFORMS = "iphoneos iphonesimulator";
				SUPPORTS_MACCATALYST = NO;
				SUPPORTS_MAC_DESIGNED_FOR_IPHONE_IPAD = NO;
				SUPPORTS_XR_DESIGNED_FOR_IPHONE_IPAD = NO;
				SWIFT_EMIT_LOC_STRINGS = YES;
				SWIFT_ENFORCE_EXCLUSIVE_ACCESS = off;
				SWIFT_VERSION = 5.0;
				TARGETED_DEVICE_FAMILY = 1;
			};
			name = Release;
		};
/* End XCBuildConfiguration section */

/* Begin XCConfigurationList section */
		AA08C7B9272EDA48001B8575 /* Build configuration list for PBXProject "TranslateNumbers" */ = {
			isa = XCConfigurationList;
			buildConfigurations = (
				AA08C7E0272EDA4A001B8575 /* Debug */,
				AA08C7E1272EDA4A001B8575 /* Release */,
			);
			defaultConfigurationIsVisible = 0;
			defaultConfigurationName = Release;
		};
		AA08C7E2272EDA4A001B8575 /* Build configuration list for PBXNativeTarget "TranslateNumbers" */ = {
			isa = XCConfigurationList;
			buildConfigurations = (
				AA08C7E3272EDA4A001B8575 /* Debug */,
				AA08C7E4272EDA4A001B8575 /* Release */,
			);
			defaultConfigurationIsVisible = 0;
			defaultConfigurationName = Release;
		};
/* End XCConfigurationList section */

/* Begin XCRemoteSwiftPackageReference section */
		AA1934512C96956100FE0848 /* XCRemoteSwiftPackageReference "NumberTranslator" */ = {
			isa = XCRemoteSwiftPackageReference;
			repositoryURL = "https://github.com/joachimneumann/NumberTranslator";
			requirement = {
				branch = main;
				kind = branch;
			};
		};
		AA9DCD642CA10E13002EBCE5 /* XCRemoteSwiftPackageReference "SwiftGmp" */ = {
			isa = XCRemoteSwiftPackageReference;
			repositoryURL = "https://github.com/joachimneumann/SwiftGmp";
			requirement = {
				branch = main;
				kind = branch;
			};
		};
/* End XCRemoteSwiftPackageReference section */

/* Begin XCSwiftPackageProductDependency section */
		AA1934522C96956100FE0848 /* NumberTranslator */ = {
			isa = XCSwiftPackageProductDependency;
			package = AA1934512C96956100FE0848 /* XCRemoteSwiftPackageReference "NumberTranslator" */;
			productName = NumberTranslator;
		};
		AA9DCD652CA10E13002EBCE5 /* SwiftGmp */ = {
			isa = XCSwiftPackageProductDependency;
			package = AA9DCD642CA10E13002EBCE5 /* XCRemoteSwiftPackageReference "SwiftGmp" */;
			productName = SwiftGmp;
		};
/* End XCSwiftPackageProductDependency section */
	};
	rootObject = AA08C7B6272EDA48001B8575 /* Project object */;
}
