// !$*UTF8*$!
{
	archiveVersion = 1;
	classes = {
	};
	objectVersion = 56;
	objects = {

/* Begin PBXBuildFile section */
		AA11B7D32C79921600FAA562 /* DigitLanguage.swift in Sources */ = {isa = PBXBuildFile; fileRef = AA11B7D02C79921600FAA562 /* DigitLanguage.swift */; };
		AA11B7D42C79921600FAA562 /* DigitLanguage.swift in Sources */ = {isa = PBXBuildFile; fileRef = AA11B7D02C79921600FAA562 /* DigitLanguage.swift */; };
		AA11B7DA2C79928900FAA562 /* ThaiNumerals.swift in Sources */ = {isa = PBXBuildFile; fileRef = AA11B7D92C79928900FAA562 /* ThaiNumerals.swift */; };
		AA11B7DB2C79928900FAA562 /* ThaiNumerals.swift in Sources */ = {isa = PBXBuildFile; fileRef = AA11B7D92C79928900FAA562 /* ThaiNumerals.swift */; };
		AA471FF12C783EAA000B700E /* NumberTranslator.docc in Sources */ = {isa = PBXBuildFile; fileRef = AA471FF02C783EAA000B700E /* NumberTranslator.docc */; };
		AA471FFD2C783EAA000B700E /* NumberTranslator.h in Headers */ = {isa = PBXBuildFile; fileRef = AA471FEF2C783EAA000B700E /* NumberTranslator.h */; settings = {ATTRIBUTES = (Public, ); }; };
		AA6DAF902C7AE43D00F8E9DA /* Hindi.swift in Sources */ = {isa = PBXBuildFile; fileRef = AA6DAF8F2C7AE43D00F8E9DA /* Hindi.swift */; };
		AA6DAF922C7AE45100F8E9DA /* HindiTest.swift in Sources */ = {isa = PBXBuildFile; fileRef = AA6DAF912C7AE45100F8E9DA /* HindiTest.swift */; };
		AA6DAF932C7AE45D00F8E9DA /* Hindi.swift in Sources */ = {isa = PBXBuildFile; fileRef = AA6DAF8F2C7AE43D00F8E9DA /* Hindi.swift */; };
		AA6DAF972C7AE5EB00F8E9DA /* Group3Language.swift in Sources */ = {isa = PBXBuildFile; fileRef = AA6DAF962C7AE5EB00F8E9DA /* Group3Language.swift */; };
		AA6DAF992C7AE62400F8E9DA /* English.swift in Sources */ = {isa = PBXBuildFile; fileRef = AA6DAF982C7AE62400F8E9DA /* English.swift */; };
		AA6DAF9A2C7AE62400F8E9DA /* English.swift in Sources */ = {isa = PBXBuildFile; fileRef = AA6DAF982C7AE62400F8E9DA /* English.swift */; };
		AA6DAF9D2C7AE67000F8E9DA /* EnglishTest.swift in Sources */ = {isa = PBXBuildFile; fileRef = AA6DAF9B2C7AE67000F8E9DA /* EnglishTest.swift */; };
		AA6DAF9E2C7AE76300F8E9DA /* Group3Language.swift in Sources */ = {isa = PBXBuildFile; fileRef = AA6DAF962C7AE5EB00F8E9DA /* Group3Language.swift */; };
		AA6DAFA32C7B331400F8E9DA /* GeneralLanguage.swift in Sources */ = {isa = PBXBuildFile; fileRef = AA6DAFA22C7B331400F8E9DA /* GeneralLanguage.swift */; };
		AA6DAFA42C7B331400F8E9DA /* GeneralLanguage.swift in Sources */ = {isa = PBXBuildFile; fileRef = AA6DAFA22C7B331400F8E9DA /* GeneralLanguage.swift */; };
		AA6DAFA92C7B586700F8E9DA /* German.swift in Sources */ = {isa = PBXBuildFile; fileRef = AA6DAFA82C7B586700F8E9DA /* German.swift */; };
		AA6DAFAA2C7B586700F8E9DA /* German.swift in Sources */ = {isa = PBXBuildFile; fileRef = AA6DAFA82C7B586700F8E9DA /* German.swift */; };
		AA6DAFAD2C7B595600F8E9DA /* GermanTest.swift in Sources */ = {isa = PBXBuildFile; fileRef = AA6DAFAB2C7B595600F8E9DA /* GermanTest.swift */; };
		AA7BE61F2C7BB0FE00F3EA7E /* NumberTranslator.framework in Frameworks */ = {isa = PBXBuildFile; fileRef = AA471FEC2C783EAA000B700E /* NumberTranslator.framework */; };
		AA7BE6202C7BB0FE00F3EA7E /* NumberTranslator.framework in Embed Frameworks */ = {isa = PBXBuildFile; fileRef = AA471FEC2C783EAA000B700E /* NumberTranslator.framework */; settings = {ATTRIBUTES = (CodeSignOnCopy, RemoveHeadersOnCopy, ); }; };
		AA7BE6232C7C112600F3EA7E /* NumberTranslator.swift in Sources */ = {isa = PBXBuildFile; fileRef = AA7BE6222C7C112600F3EA7E /* NumberTranslator.swift */; };
		AA808E272C7CC9D8008F56E3 /* ItalianTest.swift in Sources */ = {isa = PBXBuildFile; fileRef = AA808E262C7CC9D8008F56E3 /* ItalianTest.swift */; };
		AA808E282C7CCA7E008F56E3 /* Polish.swift in Sources */ = {isa = PBXBuildFile; fileRef = AAD4E3472C7CC3DD003AFF4A /* Polish.swift */; };
		AA808E2A2C7CCB3C008F56E3 /* PolishTest.swift in Sources */ = {isa = PBXBuildFile; fileRef = AA808E292C7CCB3C008F56E3 /* PolishTest.swift */; };
		AA808E2B2C7CCD10008F56E3 /* Portuguese.swift in Sources */ = {isa = PBXBuildFile; fileRef = AAD4E3492C7CC3EA003AFF4A /* Portuguese.swift */; };
		AA808E2F2C7CCE00008F56E3 /* PortugueseEuropeanTest.swift in Sources */ = {isa = PBXBuildFile; fileRef = AA808E2D2C7CCE00008F56E3 /* PortugueseEuropeanTest.swift */; };
		AA808E312C7CCF28008F56E3 /* PortugueseBrazilianTest.swift in Sources */ = {isa = PBXBuildFile; fileRef = AA808E302C7CCF28008F56E3 /* PortugueseBrazilianTest.swift */; };
		AA808E322C7CD096008F56E3 /* Russian.swift in Sources */ = {isa = PBXBuildFile; fileRef = AAD4E34B2C7CC3F8003AFF4A /* Russian.swift */; };
		AA808E342C7CD11B008F56E3 /* RussianTest.swift in Sources */ = {isa = PBXBuildFile; fileRef = AA808E332C7CD11B008F56E3 /* RussianTest.swift */; };
		AA808E352C7CD252008F56E3 /* Swahili.swift in Sources */ = {isa = PBXBuildFile; fileRef = AAD4E34D2C7CC407003AFF4A /* Swahili.swift */; };
		AA808E372C7CD305008F56E3 /* SwahiliTest.swift in Sources */ = {isa = PBXBuildFile; fileRef = AA808E362C7CD305008F56E3 /* SwahiliTest.swift */; };
		AA808E382C7CD3E0008F56E3 /* Thai.swift in Sources */ = {isa = PBXBuildFile; fileRef = AAD4E34F2C7CC412003AFF4A /* Thai.swift */; };
		AA808E3A2C7CD49D008F56E3 /* ThaiTest.swift in Sources */ = {isa = PBXBuildFile; fileRef = AA808E392C7CD49D008F56E3 /* ThaiTest.swift */; };
		AA808E3C2C7CD56E008F56E3 /* UkrainianTest.swift in Sources */ = {isa = PBXBuildFile; fileRef = AA808E3B2C7CD56E008F56E3 /* UkrainianTest.swift */; };
		AA808E3D2C7CD589008F56E3 /* Ukrainian.swift in Sources */ = {isa = PBXBuildFile; fileRef = AAD4E3512C7CC41F003AFF4A /* Ukrainian.swift */; };
		AA808E3F2C7CDBE9008F56E3 /* Hieroglyphs.swift in Sources */ = {isa = PBXBuildFile; fileRef = AA808E3E2C7CDBE9008F56E3 /* Hieroglyphs.swift */; };
		AA808E402C7CDC14008F56E3 /* Hieroglyphs.swift in Sources */ = {isa = PBXBuildFile; fileRef = AA808E3E2C7CDBE9008F56E3 /* Hieroglyphs.swift */; };
		AA808E422C7CDC55008F56E3 /* HieroglyphsTest.swift in Sources */ = {isa = PBXBuildFile; fileRef = AA808E412C7CDC55008F56E3 /* HieroglyphsTest.swift */; };
		AAA0E4352C7C28EF00338227 /* Vietnamese.swift in Sources */ = {isa = PBXBuildFile; fileRef = AAA0E4342C7C28EF00338227 /* Vietnamese.swift */; };
		AAA15FC82C7C2C5600A1082A /* VietnameseTest.swift in Sources */ = {isa = PBXBuildFile; fileRef = AAA15FC72C7C2C5600A1082A /* VietnameseTest.swift */; };
		AAA15FC92C7C2C6D00A1082A /* Vietnamese.swift in Sources */ = {isa = PBXBuildFile; fileRef = AAA0E4342C7C28EF00338227 /* Vietnamese.swift */; };
		AAA15FCB2C7C2F9E00A1082A /* ArabicNumerals.swift in Sources */ = {isa = PBXBuildFile; fileRef = AAA15FCA2C7C2F9E00A1082A /* ArabicNumerals.swift */; };
		AAA15FCD2C7C329200A1082A /* ArabicNumeralsTest.swift in Sources */ = {isa = PBXBuildFile; fileRef = AAA15FCC2C7C329200A1082A /* ArabicNumeralsTest.swift */; };
		AAA15FCE2C7C32A200A1082A /* ArabicNumerals.swift in Sources */ = {isa = PBXBuildFile; fileRef = AAA15FCA2C7C2F9E00A1082A /* ArabicNumerals.swift */; };
		AAA15FD02C7C32DF00A1082A /* ArmenianNumerals.swift in Sources */ = {isa = PBXBuildFile; fileRef = AAA15FCF2C7C32DF00A1082A /* ArmenianNumerals.swift */; };
		AAA15FD12C7C34CB00A1082A /* ArmenianNumerals.swift in Sources */ = {isa = PBXBuildFile; fileRef = AAA15FCF2C7C32DF00A1082A /* ArmenianNumerals.swift */; };
		AAA15FD32C7C34D300A1082A /* ArmenianNumeralsTest.swift in Sources */ = {isa = PBXBuildFile; fileRef = AAA15FD22C7C34D300A1082A /* ArmenianNumeralsTest.swift */; };
		AAA15FD52C7C367300A1082A /* Armenian.swift in Sources */ = {isa = PBXBuildFile; fileRef = AAA15FD42C7C367300A1082A /* Armenian.swift */; };
		AAA15FD72C7C371900A1082A /* ArmenianTest.swift in Sources */ = {isa = PBXBuildFile; fileRef = AAA15FD62C7C371900A1082A /* ArmenianTest.swift */; };
		AAA15FD82C7C372400A1082A /* Armenian.swift in Sources */ = {isa = PBXBuildFile; fileRef = AAA15FD42C7C367300A1082A /* Armenian.swift */; };
		AAA15FDA2C7C3DD000A1082A /* Babylonian.swift in Sources */ = {isa = PBXBuildFile; fileRef = AAA15FD92C7C3DD000A1082A /* Babylonian.swift */; };
		AAA15FDB2C7C3E8600A1082A /* Babylonian.swift in Sources */ = {isa = PBXBuildFile; fileRef = AAA15FD92C7C3DD000A1082A /* Babylonian.swift */; };
		AAA15FDD2C7C3EBE00A1082A /* BabylonianTest.swift in Sources */ = {isa = PBXBuildFile; fileRef = AAA15FDC2C7C3EBE00A1082A /* BabylonianTest.swift */; };
		AAAA72462C7A0D2800D9FC48 /* Roman.swift in Sources */ = {isa = PBXBuildFile; fileRef = AAAA72452C7A0D2800D9FC48 /* Roman.swift */; };
		AAAA72492C7A15A700D9FC48 /* createTestsFromTxt.py in Resources */ = {isa = PBXBuildFile; fileRef = AAAA72472C7A15A300D9FC48 /* createTestsFromTxt.py */; };
		AAAA72842C7A162E00D9FC48 /* Roman.swift in Sources */ = {isa = PBXBuildFile; fileRef = AAAA72452C7A0D2800D9FC48 /* Roman.swift */; };
		AAAA728F2C7A249B00D9FC48 /* RomanTest.swift in Sources */ = {isa = PBXBuildFile; fileRef = AAAA728D2C7A249B00D9FC48 /* RomanTest.swift */; };
		AAAA72902C7A249B00D9FC48 /* ThainumeralsTest.swift in Sources */ = {isa = PBXBuildFile; fileRef = AAAA728E2C7A249B00D9FC48 /* ThainumeralsTest.swift */; };
		AAAA72942C7A280B00D9FC48 /* TestExtension.swift in Sources */ = {isa = PBXBuildFile; fileRef = AAAA72932C7A280B00D9FC48 /* TestExtension.swift */; };
		AAC79CC72C7C677D00A40ADD /* Catalan.swift in Sources */ = {isa = PBXBuildFile; fileRef = AAC79CC62C7C677D00A40ADD /* Catalan.swift */; };
		AAC79CC92C7C678A00A40ADD /* Danish.swift in Sources */ = {isa = PBXBuildFile; fileRef = AAC79CC82C7C678A00A40ADD /* Danish.swift */; };
		AAC79CCC2C7C68FE00A40ADD /* CatalanTest.swift in Sources */ = {isa = PBXBuildFile; fileRef = AAC79CCA2C7C68FE00A40ADD /* CatalanTest.swift */; };
		AAC79CCD2C7C68FE00A40ADD /* DanishTest.swift in Sources */ = {isa = PBXBuildFile; fileRef = AAC79CCB2C7C68FE00A40ADD /* DanishTest.swift */; };
		AAC79CCE2C7C691200A40ADD /* Catalan.swift in Sources */ = {isa = PBXBuildFile; fileRef = AAC79CC62C7C677D00A40ADD /* Catalan.swift */; };
		AAC79CCF2C7C691400A40ADD /* Danish.swift in Sources */ = {isa = PBXBuildFile; fileRef = AAC79CC82C7C678A00A40ADD /* Danish.swift */; };
		AAC79CD12C7C6E1200A40ADD /* Chinese.swift in Sources */ = {isa = PBXBuildFile; fileRef = AAC79CD02C7C6E1200A40ADD /* Chinese.swift */; };
		AAC79CD52C7C8B3300A40ADD /* ChineseFinancialTest.swift in Sources */ = {isa = PBXBuildFile; fileRef = AAC79CD22C7C8B3300A40ADD /* ChineseFinancialTest.swift */; };
		AAC79CD62C7C8B3300A40ADD /* ChineseTraditionalTest.swift in Sources */ = {isa = PBXBuildFile; fileRef = AAC79CD32C7C8B3300A40ADD /* ChineseTraditionalTest.swift */; };
		AAC79CD72C7C8B3300A40ADD /* ChineseSimplifiedTest.swift in Sources */ = {isa = PBXBuildFile; fileRef = AAC79CD42C7C8B3300A40ADD /* ChineseSimplifiedTest.swift */; };
		AAC79CD82C7C8B3700A40ADD /* Chinese.swift in Sources */ = {isa = PBXBuildFile; fileRef = AAC79CD02C7C6E1200A40ADD /* Chinese.swift */; };
		AAD4E3422C7CC38F003AFF4A /* Finnish.swift in Sources */ = {isa = PBXBuildFile; fileRef = AAD4E3412C7CC38F003AFF4A /* Finnish.swift */; };
		AAD4E3442C7CC397003AFF4A /* French.swift in Sources */ = {isa = PBXBuildFile; fileRef = AAD4E3432C7CC397003AFF4A /* French.swift */; };
		AAD4E3462C7CC3A6003AFF4A /* Italian.swift in Sources */ = {isa = PBXBuildFile; fileRef = AAD4E3452C7CC3A6003AFF4A /* Italian.swift */; };
		AAD4E3482C7CC3DD003AFF4A /* Polish.swift in Sources */ = {isa = PBXBuildFile; fileRef = AAD4E3472C7CC3DD003AFF4A /* Polish.swift */; };
		AAD4E34A2C7CC3EA003AFF4A /* Portuguese.swift in Sources */ = {isa = PBXBuildFile; fileRef = AAD4E3492C7CC3EA003AFF4A /* Portuguese.swift */; };
		AAD4E34C2C7CC3F8003AFF4A /* Russian.swift in Sources */ = {isa = PBXBuildFile; fileRef = AAD4E34B2C7CC3F8003AFF4A /* Russian.swift */; };
		AAD4E34E2C7CC407003AFF4A /* Swahili.swift in Sources */ = {isa = PBXBuildFile; fileRef = AAD4E34D2C7CC407003AFF4A /* Swahili.swift */; };
		AAD4E3502C7CC412003AFF4A /* Thai.swift in Sources */ = {isa = PBXBuildFile; fileRef = AAD4E34F2C7CC412003AFF4A /* Thai.swift */; };
		AAD4E3522C7CC41F003AFF4A /* Ukrainian.swift in Sources */ = {isa = PBXBuildFile; fileRef = AAD4E3512C7CC41F003AFF4A /* Ukrainian.swift */; };
		AAD4E3542C7CC58A003AFF4A /* FinnishTest.swift in Sources */ = {isa = PBXBuildFile; fileRef = AAD4E3532C7CC58A003AFF4A /* FinnishTest.swift */; };
		AAD4E3552C7CC591003AFF4A /* Finnish.swift in Sources */ = {isa = PBXBuildFile; fileRef = AAD4E3412C7CC38F003AFF4A /* Finnish.swift */; };
		AAD4E3562C7CC746003AFF4A /* French.swift in Sources */ = {isa = PBXBuildFile; fileRef = AAD4E3432C7CC397003AFF4A /* French.swift */; };
		AAD4E3582C7CC74D003AFF4A /* FrenchTest.swift in Sources */ = {isa = PBXBuildFile; fileRef = AAD4E3572C7CC74D003AFF4A /* FrenchTest.swift */; };
		AAD4E3592C7CC8A1003AFF4A /* Italian.swift in Sources */ = {isa = PBXBuildFile; fileRef = AAD4E3452C7CC3A6003AFF4A /* Italian.swift */; };
		AAF7A4582C7CA5F700B482BD /* Esperanto.swift in Sources */ = {isa = PBXBuildFile; fileRef = AAF7A4572C7CA5F700B482BD /* Esperanto.swift */; };
		AAF7A45A2C7CA60500B482BD /* Spanish.swift in Sources */ = {isa = PBXBuildFile; fileRef = AAF7A4592C7CA60500B482BD /* Spanish.swift */; };
		AAF7A45D2C7CA69200B482BD /* EsperantoTest.swift in Sources */ = {isa = PBXBuildFile; fileRef = AAF7A45B2C7CA69200B482BD /* EsperantoTest.swift */; };
		AAF7A45E2C7CA69200B482BD /* SpanishTest.swift in Sources */ = {isa = PBXBuildFile; fileRef = AAF7A45C2C7CA69200B482BD /* SpanishTest.swift */; };
		AAF7A45F2C7CA6E200B482BD /* Esperanto.swift in Sources */ = {isa = PBXBuildFile; fileRef = AAF7A4572C7CA5F700B482BD /* Esperanto.swift */; };
		AAF7A4602C7CA7CC00B482BD /* Spanish.swift in Sources */ = {isa = PBXBuildFile; fileRef = AAF7A4592C7CA60500B482BD /* Spanish.swift */; };
/* End PBXBuildFile section */

/* Begin PBXContainerItemProxy section */
		AA471FF82C783EAA000B700E /* PBXContainerItemProxy */ = {
			isa = PBXContainerItemProxy;
			containerPortal = AA471FE32C783EAA000B700E /* Project object */;
			proxyType = 1;
			remoteGlobalIDString = AA471FEB2C783EAA000B700E;
			remoteInfo = NumberTranslator;
		};
/* End PBXContainerItemProxy section */

/* Begin PBXCopyFilesBuildPhase section */
		AA7BE6212C7BB0FE00F3EA7E /* Embed Frameworks */ = {
			isa = PBXCopyFilesBuildPhase;
			buildActionMask = 2147483647;
			dstPath = "";
			dstSubfolderSpec = 10;
			files = (
				AA7BE6202C7BB0FE00F3EA7E /* NumberTranslator.framework in Embed Frameworks */,
			);
			name = "Embed Frameworks";
			runOnlyForDeploymentPostprocessing = 0;
		};
/* End PBXCopyFilesBuildPhase section */

/* Begin PBXFileReference section */
		AA11B7D02C79921600FAA562 /* DigitLanguage.swift */ = {isa = PBXFileReference; fileEncoding = 4; lastKnownFileType = sourcecode.swift; path = DigitLanguage.swift; sourceTree = "<group>"; };
		AA11B7D92C79928900FAA562 /* ThaiNumerals.swift */ = {isa = PBXFileReference; fileEncoding = 4; lastKnownFileType = sourcecode.swift; path = ThaiNumerals.swift; sourceTree = "<group>"; };
		AA471FEC2C783EAA000B700E /* NumberTranslator.framework */ = {isa = PBXFileReference; explicitFileType = wrapper.framework; includeInIndex = 0; path = NumberTranslator.framework; sourceTree = BUILT_PRODUCTS_DIR; };
		AA471FEF2C783EAA000B700E /* NumberTranslator.h */ = {isa = PBXFileReference; lastKnownFileType = sourcecode.c.h; path = NumberTranslator.h; sourceTree = "<group>"; };
		AA471FF02C783EAA000B700E /* NumberTranslator.docc */ = {isa = PBXFileReference; lastKnownFileType = folder.documentationcatalog; path = NumberTranslator.docc; sourceTree = "<group>"; };
		AA471FF62C783EAA000B700E /* NumberTranslatorTests.xctest */ = {isa = PBXFileReference; explicitFileType = wrapper.cfbundle; includeInIndex = 0; path = NumberTranslatorTests.xctest; sourceTree = BUILT_PRODUCTS_DIR; };
		AA6DAF8F2C7AE43D00F8E9DA /* Hindi.swift */ = {isa = PBXFileReference; fileEncoding = 4; lastKnownFileType = sourcecode.swift; path = Hindi.swift; sourceTree = "<group>"; };
		AA6DAF912C7AE45100F8E9DA /* HindiTest.swift */ = {isa = PBXFileReference; fileEncoding = 4; lastKnownFileType = sourcecode.swift; path = HindiTest.swift; sourceTree = "<group>"; };
		AA6DAF962C7AE5EB00F8E9DA /* Group3Language.swift */ = {isa = PBXFileReference; lastKnownFileType = sourcecode.swift; path = Group3Language.swift; sourceTree = "<group>"; };
		AA6DAF982C7AE62400F8E9DA /* English.swift */ = {isa = PBXFileReference; lastKnownFileType = sourcecode.swift; path = English.swift; sourceTree = "<group>"; };
		AA6DAF9B2C7AE67000F8E9DA /* EnglishTest.swift */ = {isa = PBXFileReference; fileEncoding = 4; lastKnownFileType = sourcecode.swift; path = EnglishTest.swift; sourceTree = "<group>"; };
		AA6DAFA22C7B331400F8E9DA /* GeneralLanguage.swift */ = {isa = PBXFileReference; lastKnownFileType = sourcecode.swift; path = GeneralLanguage.swift; sourceTree = "<group>"; };
		AA6DAFA82C7B586700F8E9DA /* German.swift */ = {isa = PBXFileReference; lastKnownFileType = sourcecode.swift; path = German.swift; sourceTree = "<group>"; };
		AA6DAFAB2C7B595600F8E9DA /* GermanTest.swift */ = {isa = PBXFileReference; fileEncoding = 4; lastKnownFileType = sourcecode.swift; path = GermanTest.swift; sourceTree = "<group>"; };
		AA7BE6222C7C112600F3EA7E /* NumberTranslator.swift */ = {isa = PBXFileReference; fileEncoding = 4; lastKnownFileType = sourcecode.swift; path = NumberTranslator.swift; sourceTree = "<group>"; };
		AA808E262C7CC9D8008F56E3 /* ItalianTest.swift */ = {isa = PBXFileReference; fileEncoding = 4; lastKnownFileType = sourcecode.swift; path = ItalianTest.swift; sourceTree = "<group>"; };
		AA808E292C7CCB3C008F56E3 /* PolishTest.swift */ = {isa = PBXFileReference; fileEncoding = 4; lastKnownFileType = sourcecode.swift; path = PolishTest.swift; sourceTree = "<group>"; };
		AA808E2D2C7CCE00008F56E3 /* PortugueseEuropeanTest.swift */ = {isa = PBXFileReference; fileEncoding = 4; lastKnownFileType = sourcecode.swift; path = PortugueseEuropeanTest.swift; sourceTree = "<group>"; };
		AA808E302C7CCF28008F56E3 /* PortugueseBrazilianTest.swift */ = {isa = PBXFileReference; fileEncoding = 4; lastKnownFileType = sourcecode.swift; path = PortugueseBrazilianTest.swift; sourceTree = "<group>"; };
		AA808E332C7CD11B008F56E3 /* RussianTest.swift */ = {isa = PBXFileReference; fileEncoding = 4; lastKnownFileType = sourcecode.swift; path = RussianTest.swift; sourceTree = "<group>"; };
		AA808E362C7CD305008F56E3 /* SwahiliTest.swift */ = {isa = PBXFileReference; fileEncoding = 4; lastKnownFileType = sourcecode.swift; path = SwahiliTest.swift; sourceTree = "<group>"; };
		AA808E392C7CD49D008F56E3 /* ThaiTest.swift */ = {isa = PBXFileReference; fileEncoding = 4; lastKnownFileType = sourcecode.swift; path = ThaiTest.swift; sourceTree = "<group>"; };
		AA808E3B2C7CD56E008F56E3 /* UkrainianTest.swift */ = {isa = PBXFileReference; fileEncoding = 4; lastKnownFileType = sourcecode.swift; path = UkrainianTest.swift; sourceTree = "<group>"; };
		AA808E3E2C7CDBE9008F56E3 /* Hieroglyphs.swift */ = {isa = PBXFileReference; lastKnownFileType = sourcecode.swift; path = Hieroglyphs.swift; sourceTree = "<group>"; };
		AA808E412C7CDC55008F56E3 /* HieroglyphsTest.swift */ = {isa = PBXFileReference; fileEncoding = 4; lastKnownFileType = sourcecode.swift; path = HieroglyphsTest.swift; sourceTree = "<group>"; };
		AAA0E4342C7C28EF00338227 /* Vietnamese.swift */ = {isa = PBXFileReference; lastKnownFileType = sourcecode.swift; path = Vietnamese.swift; sourceTree = "<group>"; };
		AAA15FC72C7C2C5600A1082A /* VietnameseTest.swift */ = {isa = PBXFileReference; fileEncoding = 4; lastKnownFileType = sourcecode.swift; path = VietnameseTest.swift; sourceTree = "<group>"; };
		AAA15FCA2C7C2F9E00A1082A /* ArabicNumerals.swift */ = {isa = PBXFileReference; lastKnownFileType = sourcecode.swift; path = ArabicNumerals.swift; sourceTree = "<group>"; };
		AAA15FCC2C7C329200A1082A /* ArabicNumeralsTest.swift */ = {isa = PBXFileReference; fileEncoding = 4; lastKnownFileType = sourcecode.swift; path = ArabicNumeralsTest.swift; sourceTree = "<group>"; };
		AAA15FCF2C7C32DF00A1082A /* ArmenianNumerals.swift */ = {isa = PBXFileReference; lastKnownFileType = sourcecode.swift; path = ArmenianNumerals.swift; sourceTree = "<group>"; };
		AAA15FD22C7C34D300A1082A /* ArmenianNumeralsTest.swift */ = {isa = PBXFileReference; fileEncoding = 4; lastKnownFileType = sourcecode.swift; path = ArmenianNumeralsTest.swift; sourceTree = "<group>"; };
		AAA15FD42C7C367300A1082A /* Armenian.swift */ = {isa = PBXFileReference; lastKnownFileType = sourcecode.swift; path = Armenian.swift; sourceTree = "<group>"; };
		AAA15FD62C7C371900A1082A /* ArmenianTest.swift */ = {isa = PBXFileReference; fileEncoding = 4; lastKnownFileType = sourcecode.swift; path = ArmenianTest.swift; sourceTree = "<group>"; };
		AAA15FD92C7C3DD000A1082A /* Babylonian.swift */ = {isa = PBXFileReference; lastKnownFileType = sourcecode.swift; path = Babylonian.swift; sourceTree = "<group>"; };
		AAA15FDC2C7C3EBE00A1082A /* BabylonianTest.swift */ = {isa = PBXFileReference; fileEncoding = 4; lastKnownFileType = sourcecode.swift; path = BabylonianTest.swift; sourceTree = "<group>"; };
		AAAA72452C7A0D2800D9FC48 /* Roman.swift */ = {isa = PBXFileReference; lastKnownFileType = sourcecode.swift; path = Roman.swift; sourceTree = "<group>"; };
		AAAA72472C7A15A300D9FC48 /* createTestsFromTxt.py */ = {isa = PBXFileReference; fileEncoding = 4; lastKnownFileType = text.script.python; path = createTestsFromTxt.py; sourceTree = "<group>"; };
		AAAA728D2C7A249B00D9FC48 /* RomanTest.swift */ = {isa = PBXFileReference; fileEncoding = 4; lastKnownFileType = sourcecode.swift; path = RomanTest.swift; sourceTree = "<group>"; };
		AAAA728E2C7A249B00D9FC48 /* ThainumeralsTest.swift */ = {isa = PBXFileReference; fileEncoding = 4; lastKnownFileType = sourcecode.swift; path = ThainumeralsTest.swift; sourceTree = "<group>"; };
		AAAA72932C7A280B00D9FC48 /* TestExtension.swift */ = {isa = PBXFileReference; lastKnownFileType = sourcecode.swift; path = TestExtension.swift; sourceTree = "<group>"; };
		AAC79CC62C7C677D00A40ADD /* Catalan.swift */ = {isa = PBXFileReference; lastKnownFileType = sourcecode.swift; path = Catalan.swift; sourceTree = "<group>"; };
		AAC79CC82C7C678A00A40ADD /* Danish.swift */ = {isa = PBXFileReference; lastKnownFileType = sourcecode.swift; path = Danish.swift; sourceTree = "<group>"; };
		AAC79CCA2C7C68FE00A40ADD /* CatalanTest.swift */ = {isa = PBXFileReference; fileEncoding = 4; lastKnownFileType = sourcecode.swift; path = CatalanTest.swift; sourceTree = "<group>"; };
		AAC79CCB2C7C68FE00A40ADD /* DanishTest.swift */ = {isa = PBXFileReference; fileEncoding = 4; lastKnownFileType = sourcecode.swift; path = DanishTest.swift; sourceTree = "<group>"; };
		AAC79CD02C7C6E1200A40ADD /* Chinese.swift */ = {isa = PBXFileReference; lastKnownFileType = sourcecode.swift; path = Chinese.swift; sourceTree = "<group>"; };
		AAC79CD22C7C8B3300A40ADD /* ChineseFinancialTest.swift */ = {isa = PBXFileReference; fileEncoding = 4; lastKnownFileType = sourcecode.swift; path = ChineseFinancialTest.swift; sourceTree = "<group>"; };
		AAC79CD32C7C8B3300A40ADD /* ChineseTraditionalTest.swift */ = {isa = PBXFileReference; fileEncoding = 4; lastKnownFileType = sourcecode.swift; path = ChineseTraditionalTest.swift; sourceTree = "<group>"; };
		AAC79CD42C7C8B3300A40ADD /* ChineseSimplifiedTest.swift */ = {isa = PBXFileReference; fileEncoding = 4; lastKnownFileType = sourcecode.swift; path = ChineseSimplifiedTest.swift; sourceTree = "<group>"; };
		AAD4E3412C7CC38F003AFF4A /* Finnish.swift */ = {isa = PBXFileReference; lastKnownFileType = sourcecode.swift; path = Finnish.swift; sourceTree = "<group>"; };
		AAD4E3432C7CC397003AFF4A /* French.swift */ = {isa = PBXFileReference; lastKnownFileType = sourcecode.swift; path = French.swift; sourceTree = "<group>"; };
		AAD4E3452C7CC3A6003AFF4A /* Italian.swift */ = {isa = PBXFileReference; lastKnownFileType = sourcecode.swift; path = Italian.swift; sourceTree = "<group>"; };
		AAD4E3472C7CC3DD003AFF4A /* Polish.swift */ = {isa = PBXFileReference; lastKnownFileType = sourcecode.swift; path = Polish.swift; sourceTree = "<group>"; };
		AAD4E3492C7CC3EA003AFF4A /* Portuguese.swift */ = {isa = PBXFileReference; lastKnownFileType = sourcecode.swift; path = Portuguese.swift; sourceTree = "<group>"; };
		AAD4E34B2C7CC3F8003AFF4A /* Russian.swift */ = {isa = PBXFileReference; lastKnownFileType = sourcecode.swift; path = Russian.swift; sourceTree = "<group>"; };
		AAD4E34D2C7CC407003AFF4A /* Swahili.swift */ = {isa = PBXFileReference; lastKnownFileType = sourcecode.swift; path = Swahili.swift; sourceTree = "<group>"; };
		AAD4E34F2C7CC412003AFF4A /* Thai.swift */ = {isa = PBXFileReference; lastKnownFileType = sourcecode.swift; path = Thai.swift; sourceTree = "<group>"; };
		AAD4E3512C7CC41F003AFF4A /* Ukrainian.swift */ = {isa = PBXFileReference; lastKnownFileType = sourcecode.swift; path = Ukrainian.swift; sourceTree = "<group>"; };
		AAD4E3532C7CC58A003AFF4A /* FinnishTest.swift */ = {isa = PBXFileReference; fileEncoding = 4; lastKnownFileType = sourcecode.swift; path = FinnishTest.swift; sourceTree = "<group>"; };
		AAD4E3572C7CC74D003AFF4A /* FrenchTest.swift */ = {isa = PBXFileReference; fileEncoding = 4; lastKnownFileType = sourcecode.swift; path = FrenchTest.swift; sourceTree = "<group>"; };
		AAF7A4572C7CA5F700B482BD /* Esperanto.swift */ = {isa = PBXFileReference; lastKnownFileType = sourcecode.swift; path = Esperanto.swift; sourceTree = "<group>"; };
		AAF7A4592C7CA60500B482BD /* Spanish.swift */ = {isa = PBXFileReference; lastKnownFileType = sourcecode.swift; path = Spanish.swift; sourceTree = "<group>"; };
		AAF7A45B2C7CA69200B482BD /* EsperantoTest.swift */ = {isa = PBXFileReference; fileEncoding = 4; lastKnownFileType = sourcecode.swift; path = EsperantoTest.swift; sourceTree = "<group>"; };
		AAF7A45C2C7CA69200B482BD /* SpanishTest.swift */ = {isa = PBXFileReference; fileEncoding = 4; lastKnownFileType = sourcecode.swift; path = SpanishTest.swift; sourceTree = "<group>"; };
/* End PBXFileReference section */

/* Begin PBXFrameworksBuildPhase section */
		AA471FE92C783EAA000B700E /* Frameworks */ = {
			isa = PBXFrameworksBuildPhase;
			buildActionMask = 2147483647;
			files = (
			);
			runOnlyForDeploymentPostprocessing = 0;
		};
		AA471FF32C783EAA000B700E /* Frameworks */ = {
			isa = PBXFrameworksBuildPhase;
			buildActionMask = 2147483647;
			files = (
				AA7BE61F2C7BB0FE00F3EA7E /* NumberTranslator.framework in Frameworks */,
			);
			runOnlyForDeploymentPostprocessing = 0;
		};
/* End PBXFrameworksBuildPhase section */

/* Begin PBXGroup section */
		AA11B7D82C79927800FAA562 /* LanguageImplementation */ = {
			isa = PBXGroup;
			children = (
				AAA15FCA2C7C2F9E00A1082A /* ArabicNumerals.swift */,
				AAA15FD42C7C367300A1082A /* Armenian.swift */,
				AAA15FCF2C7C32DF00A1082A /* ArmenianNumerals.swift */,
				AAA15FD92C7C3DD000A1082A /* Babylonian.swift */,
				AAC79CC62C7C677D00A40ADD /* Catalan.swift */,
				AAC79CD02C7C6E1200A40ADD /* Chinese.swift */,
				AAC79CC82C7C678A00A40ADD /* Danish.swift */,
				AA6DAF982C7AE62400F8E9DA /* English.swift */,
				AAF7A4572C7CA5F700B482BD /* Esperanto.swift */,
				AAD4E3412C7CC38F003AFF4A /* Finnish.swift */,
				AAD4E3432C7CC397003AFF4A /* French.swift */,
				AA6DAFA82C7B586700F8E9DA /* German.swift */,
				AA808E3E2C7CDBE9008F56E3 /* Hieroglyphs.swift */,
				AA6DAF8F2C7AE43D00F8E9DA /* Hindi.swift */,
				AAD4E3452C7CC3A6003AFF4A /* Italian.swift */,
				AAD4E3472C7CC3DD003AFF4A /* Polish.swift */,
				AAD4E3492C7CC3EA003AFF4A /* Portuguese.swift */,
				AAAA72452C7A0D2800D9FC48 /* Roman.swift */,
				AAD4E34B2C7CC3F8003AFF4A /* Russian.swift */,
				AAF7A4592C7CA60500B482BD /* Spanish.swift */,
				AAD4E34D2C7CC407003AFF4A /* Swahili.swift */,
				AAD4E34F2C7CC412003AFF4A /* Thai.swift */,
				AA11B7D92C79928900FAA562 /* ThaiNumerals.swift */,
				AAD4E3512C7CC41F003AFF4A /* Ukrainian.swift */,
				AAA0E4342C7C28EF00338227 /* Vietnamese.swift */,
			);
			path = LanguageImplementation;
			sourceTree = "<group>";
		};
		AA471FE22C783EAA000B700E = {
			isa = PBXGroup;
			children = (
				AA471FEE2C783EAA000B700E /* NumberTranslator */,
				AA471FFA2C783EAA000B700E /* NumberTranslatorTests */,
				AA471FED2C783EAA000B700E /* Products */,
			);
			sourceTree = "<group>";
		};
		AA471FED2C783EAA000B700E /* Products */ = {
			isa = PBXGroup;
			children = (
				AA471FEC2C783EAA000B700E /* NumberTranslator.framework */,
				AA471FF62C783EAA000B700E /* NumberTranslatorTests.xctest */,
			);
			name = Products;
			sourceTree = "<group>";
		};
		AA471FEE2C783EAA000B700E /* NumberTranslator */ = {
			isa = PBXGroup;
			children = (
				AA7BE6222C7C112600F3EA7E /* NumberTranslator.swift */,
				AA6DAFA22C7B331400F8E9DA /* GeneralLanguage.swift */,
				AA11B7D02C79921600FAA562 /* DigitLanguage.swift */,
				AA6DAF962C7AE5EB00F8E9DA /* Group3Language.swift */,
				AA11B7D82C79927800FAA562 /* LanguageImplementation */,
				AA471FEF2C783EAA000B700E /* NumberTranslator.h */,
				AA471FF02C783EAA000B700E /* NumberTranslator.docc */,
			);
			path = NumberTranslator;
			sourceTree = "<group>";
		};
		AA471FFA2C783EAA000B700E /* NumberTranslatorTests */ = {
			isa = PBXGroup;
			children = (
				AAAA72472C7A15A300D9FC48 /* createTestsFromTxt.py */,
				AAA15FCC2C7C329200A1082A /* ArabicNumeralsTest.swift */,
				AAA15FD62C7C371900A1082A /* ArmenianTest.swift */,
				AAA15FD22C7C34D300A1082A /* ArmenianNumeralsTest.swift */,
				AAA15FDC2C7C3EBE00A1082A /* BabylonianTest.swift */,
				AAC79CCA2C7C68FE00A40ADD /* CatalanTest.swift */,
				AAC79CD22C7C8B3300A40ADD /* ChineseFinancialTest.swift */,
				AAC79CD42C7C8B3300A40ADD /* ChineseSimplifiedTest.swift */,
				AAC79CD32C7C8B3300A40ADD /* ChineseTraditionalTest.swift */,
				AAC79CCB2C7C68FE00A40ADD /* DanishTest.swift */,
				AA6DAF9B2C7AE67000F8E9DA /* EnglishTest.swift */,
				AAF7A45B2C7CA69200B482BD /* EsperantoTest.swift */,
				AAD4E3532C7CC58A003AFF4A /* FinnishTest.swift */,
				AAD4E3572C7CC74D003AFF4A /* FrenchTest.swift */,
				AA6DAFAB2C7B595600F8E9DA /* GermanTest.swift */,
				AA808E412C7CDC55008F56E3 /* HieroglyphsTest.swift */,
				AA6DAF912C7AE45100F8E9DA /* HindiTest.swift */,
				AA808E262C7CC9D8008F56E3 /* ItalianTest.swift */,
				AA808E292C7CCB3C008F56E3 /* PolishTest.swift */,
				AA808E302C7CCF28008F56E3 /* PortugueseBrazilianTest.swift */,
				AA808E2D2C7CCE00008F56E3 /* PortugueseEuropeanTest.swift */,
				AAAA728D2C7A249B00D9FC48 /* RomanTest.swift */,
				AA808E332C7CD11B008F56E3 /* RussianTest.swift */,
				AAF7A45C2C7CA69200B482BD /* SpanishTest.swift */,
				AA808E362C7CD305008F56E3 /* SwahiliTest.swift */,
				AA808E392C7CD49D008F56E3 /* ThaiTest.swift */,
				AAAA728E2C7A249B00D9FC48 /* ThainumeralsTest.swift */,
				AA808E3B2C7CD56E008F56E3 /* UkrainianTest.swift */,
				AAA15FC72C7C2C5600A1082A /* VietnameseTest.swift */,
				AAAA72932C7A280B00D9FC48 /* TestExtension.swift */,
			);
			path = NumberTranslatorTests;
			sourceTree = "<group>";
		};
/* End PBXGroup section */

/* Begin PBXHeadersBuildPhase section */
		AA471FE72C783EAA000B700E /* Headers */ = {
			isa = PBXHeadersBuildPhase;
			buildActionMask = 2147483647;
			files = (
				AA471FFD2C783EAA000B700E /* NumberTranslator.h in Headers */,
			);
			runOnlyForDeploymentPostprocessing = 0;
		};
/* End PBXHeadersBuildPhase section */

/* Begin PBXNativeTarget section */
		AA471FEB2C783EAA000B700E /* NumberTranslator */ = {
			isa = PBXNativeTarget;
			buildConfigurationList = AA4720002C783EAA000B700E /* Build configuration list for PBXNativeTarget "NumberTranslator" */;
			buildPhases = (
				AA471FE72C783EAA000B700E /* Headers */,
				AA471FE82C783EAA000B700E /* Sources */,
				AA471FE92C783EAA000B700E /* Frameworks */,
				AA471FEA2C783EAA000B700E /* Resources */,
			);
			buildRules = (
			);
			dependencies = (
			);
			name = NumberTranslator;
			productName = NumberTranslator;
			productReference = AA471FEC2C783EAA000B700E /* NumberTranslator.framework */;
			productType = "com.apple.product-type.framework";
		};
		AA471FF52C783EAA000B700E /* NumberTranslatorTests */ = {
			isa = PBXNativeTarget;
			buildConfigurationList = AA4720032C783EAA000B700E /* Build configuration list for PBXNativeTarget "NumberTranslatorTests" */;
			buildPhases = (
				AA471FF22C783EAA000B700E /* Sources */,
				AA471FF32C783EAA000B700E /* Frameworks */,
				AA471FF42C783EAA000B700E /* Resources */,
				AA7BE6212C7BB0FE00F3EA7E /* Embed Frameworks */,
			);
			buildRules = (
			);
			dependencies = (
				AA471FF92C783EAA000B700E /* PBXTargetDependency */,
			);
			name = NumberTranslatorTests;
			productName = NumberTranslatorTests;
			productReference = AA471FF62C783EAA000B700E /* NumberTranslatorTests.xctest */;
			productType = "com.apple.product-type.bundle.unit-test";
		};
/* End PBXNativeTarget section */

/* Begin PBXProject section */
		AA471FE32C783EAA000B700E /* Project object */ = {
			isa = PBXProject;
			attributes = {
				BuildIndependentTargetsInParallel = 1;
				LastSwiftUpdateCheck = 1540;
				LastUpgradeCheck = 1540;
				TargetAttributes = {
					AA471FEB2C783EAA000B700E = {
						CreatedOnToolsVersion = 15.4;
					};
					AA471FF52C783EAA000B700E = {
						CreatedOnToolsVersion = 15.4;
					};
				};
			};
			buildConfigurationList = AA471FE62C783EAA000B700E /* Build configuration list for PBXProject "NumberTranslator" */;
			compatibilityVersion = "Xcode 14.0";
			developmentRegion = en;
			hasScannedForEncodings = 0;
			knownRegions = (
				en,
				Base,
			);
			mainGroup = AA471FE22C783EAA000B700E;
			productRefGroup = AA471FED2C783EAA000B700E /* Products */;
			projectDirPath = "";
			projectRoot = "";
			targets = (
				AA471FEB2C783EAA000B700E /* NumberTranslator */,
				AA471FF52C783EAA000B700E /* NumberTranslatorTests */,
			);
		};
/* End PBXProject section */

/* Begin PBXResourcesBuildPhase section */
		AA471FEA2C783EAA000B700E /* Resources */ = {
			isa = PBXResourcesBuildPhase;
			buildActionMask = 2147483647;
			files = (
			);
			runOnlyForDeploymentPostprocessing = 0;
		};
		AA471FF42C783EAA000B700E /* Resources */ = {
			isa = PBXResourcesBuildPhase;
			buildActionMask = 2147483647;
			files = (
				AAAA72492C7A15A700D9FC48 /* createTestsFromTxt.py in Resources */,
			);
			runOnlyForDeploymentPostprocessing = 0;
		};
/* End PBXResourcesBuildPhase section */

/* Begin PBXSourcesBuildPhase section */
		AA471FE82C783EAA000B700E /* Sources */ = {
			isa = PBXSourcesBuildPhase;
			buildActionMask = 2147483647;
			files = (
				AA471FF12C783EAA000B700E /* NumberTranslator.docc in Sources */,
				AAD4E3462C7CC3A6003AFF4A /* Italian.swift in Sources */,
				AA808E3F2C7CDBE9008F56E3 /* Hieroglyphs.swift in Sources */,
				AA6DAFA92C7B586700F8E9DA /* German.swift in Sources */,
				AAD4E34A2C7CC3EA003AFF4A /* Portuguese.swift in Sources */,
				AA7BE6232C7C112600F3EA7E /* NumberTranslator.swift in Sources */,
				AAA0E4352C7C28EF00338227 /* Vietnamese.swift in Sources */,
				AAA15FD52C7C367300A1082A /* Armenian.swift in Sources */,
				AAD4E3482C7CC3DD003AFF4A /* Polish.swift in Sources */,
				AAC79CC92C7C678A00A40ADD /* Danish.swift in Sources */,
				AAA15FCB2C7C2F9E00A1082A /* ArabicNumerals.swift in Sources */,
				AAD4E3442C7CC397003AFF4A /* French.swift in Sources */,
				AAAA72462C7A0D2800D9FC48 /* Roman.swift in Sources */,
				AA6DAF992C7AE62400F8E9DA /* English.swift in Sources */,
				AAA15FDA2C7C3DD000A1082A /* Babylonian.swift in Sources */,
				AA11B7D32C79921600FAA562 /* DigitLanguage.swift in Sources */,
				AAD4E3422C7CC38F003AFF4A /* Finnish.swift in Sources */,
				AA6DAF972C7AE5EB00F8E9DA /* Group3Language.swift in Sources */,
				AA11B7DA2C79928900FAA562 /* ThaiNumerals.swift in Sources */,
				AAD4E3522C7CC41F003AFF4A /* Ukrainian.swift in Sources */,
				AAC79CC72C7C677D00A40ADD /* Catalan.swift in Sources */,
				AAF7A45A2C7CA60500B482BD /* Spanish.swift in Sources */,
				AAD4E34E2C7CC407003AFF4A /* Swahili.swift in Sources */,
				AA6DAF902C7AE43D00F8E9DA /* Hindi.swift in Sources */,
				AA6DAFA32C7B331400F8E9DA /* GeneralLanguage.swift in Sources */,
				AAF7A4582C7CA5F700B482BD /* Esperanto.swift in Sources */,
				AAA15FD02C7C32DF00A1082A /* ArmenianNumerals.swift in Sources */,
				AAC79CD12C7C6E1200A40ADD /* Chinese.swift in Sources */,
				AAD4E34C2C7CC3F8003AFF4A /* Russian.swift in Sources */,
				AAD4E3502C7CC412003AFF4A /* Thai.swift in Sources */,
			);
			runOnlyForDeploymentPostprocessing = 0;
		};
		AA471FF22C783EAA000B700E /* Sources */ = {
			isa = PBXSourcesBuildPhase;
			buildActionMask = 2147483647;
			files = (
				AA11B7D42C79921600FAA562 /* DigitLanguage.swift in Sources */,
				AAD4E3582C7CC74D003AFF4A /* FrenchTest.swift in Sources */,
				AA808E402C7CDC14008F56E3 /* Hieroglyphs.swift in Sources */,
				AAF7A45F2C7CA6E200B482BD /* Esperanto.swift in Sources */,
				AA808E342C7CD11B008F56E3 /* RussianTest.swift in Sources */,
				AA6DAF9D2C7AE67000F8E9DA /* EnglishTest.swift in Sources */,
				AA808E2F2C7CCE00008F56E3 /* PortugueseEuropeanTest.swift in Sources */,
				AAC79CCF2C7C691400A40ADD /* Danish.swift in Sources */,
				AAC79CD62C7C8B3300A40ADD /* ChineseTraditionalTest.swift in Sources */,
				AAD4E3562C7CC746003AFF4A /* French.swift in Sources */,
				AAF7A45E2C7CA69200B482BD /* SpanishTest.swift in Sources */,
				AAD4E3592C7CC8A1003AFF4A /* Italian.swift in Sources */,
				AA6DAF932C7AE45D00F8E9DA /* Hindi.swift in Sources */,
				AAD4E3552C7CC591003AFF4A /* Finnish.swift in Sources */,
				AA808E372C7CD305008F56E3 /* SwahiliTest.swift in Sources */,
				AAC79CCC2C7C68FE00A40ADD /* CatalanTest.swift in Sources */,
				AAA15FC82C7C2C5600A1082A /* VietnameseTest.swift in Sources */,
				AA808E352C7CD252008F56E3 /* Swahili.swift in Sources */,
				AA808E2B2C7CCD10008F56E3 /* Portuguese.swift in Sources */,
				AAC79CD82C7C8B3700A40ADD /* Chinese.swift in Sources */,
				AA808E2A2C7CCB3C008F56E3 /* PolishTest.swift in Sources */,
				AA808E422C7CDC55008F56E3 /* HieroglyphsTest.swift in Sources */,
				AAC79CD72C7C8B3300A40ADD /* ChineseSimplifiedTest.swift in Sources */,
				AAF7A45D2C7CA69200B482BD /* EsperantoTest.swift in Sources */,
				AAA15FD72C7C371900A1082A /* ArmenianTest.swift in Sources */,
				AAC79CCD2C7C68FE00A40ADD /* DanishTest.swift in Sources */,
				AA6DAF9A2C7AE62400F8E9DA /* English.swift in Sources */,
				AA6DAFAD2C7B595600F8E9DA /* GermanTest.swift in Sources */,
				AAAA72902C7A249B00D9FC48 /* ThainumeralsTest.swift in Sources */,
				AAA15FD82C7C372400A1082A /* Armenian.swift in Sources */,
				AAF7A4602C7CA7CC00B482BD /* Spanish.swift in Sources */,
				AAA15FDB2C7C3E8600A1082A /* Babylonian.swift in Sources */,
				AA808E272C7CC9D8008F56E3 /* ItalianTest.swift in Sources */,
				AAA15FD32C7C34D300A1082A /* ArmenianNumeralsTest.swift in Sources */,
				AA808E322C7CD096008F56E3 /* Russian.swift in Sources */,
				AAAA72942C7A280B00D9FC48 /* TestExtension.swift in Sources */,
				AA6DAFAA2C7B586700F8E9DA /* German.swift in Sources */,
				AA11B7DB2C79928900FAA562 /* ThaiNumerals.swift in Sources */,
				AAA15FDD2C7C3EBE00A1082A /* BabylonianTest.swift in Sources */,
				AA6DAF9E2C7AE76300F8E9DA /* Group3Language.swift in Sources */,
				AA808E3A2C7CD49D008F56E3 /* ThaiTest.swift in Sources */,
				AAAA72842C7A162E00D9FC48 /* Roman.swift in Sources */,
				AA808E3C2C7CD56E008F56E3 /* UkrainianTest.swift in Sources */,
				AAA15FC92C7C2C6D00A1082A /* Vietnamese.swift in Sources */,
				AAD4E3542C7CC58A003AFF4A /* FinnishTest.swift in Sources */,
				AA6DAF922C7AE45100F8E9DA /* HindiTest.swift in Sources */,
				AA808E312C7CCF28008F56E3 /* PortugueseBrazilianTest.swift in Sources */,
				AAA15FD12C7C34CB00A1082A /* ArmenianNumerals.swift in Sources */,
				AAC79CCE2C7C691200A40ADD /* Catalan.swift in Sources */,
				AA808E3D2C7CD589008F56E3 /* Ukrainian.swift in Sources */,
				AA6DAFA42C7B331400F8E9DA /* GeneralLanguage.swift in Sources */,
				AAA15FCD2C7C329200A1082A /* ArabicNumeralsTest.swift in Sources */,
				AAA15FCE2C7C32A200A1082A /* ArabicNumerals.swift in Sources */,
				AAAA728F2C7A249B00D9FC48 /* RomanTest.swift in Sources */,
				AAC79CD52C7C8B3300A40ADD /* ChineseFinancialTest.swift in Sources */,
				AA808E282C7CCA7E008F56E3 /* Polish.swift in Sources */,
				AA808E382C7CD3E0008F56E3 /* Thai.swift in Sources */,
			);
			runOnlyForDeploymentPostprocessing = 0;
		};
/* End PBXSourcesBuildPhase section */

/* Begin PBXTargetDependency section */
		AA471FF92C783EAA000B700E /* PBXTargetDependency */ = {
			isa = PBXTargetDependency;
			target = AA471FEB2C783EAA000B700E /* NumberTranslator */;
			targetProxy = AA471FF82C783EAA000B700E /* PBXContainerItemProxy */;
		};
/* End PBXTargetDependency section */

/* Begin XCBuildConfiguration section */
		AA471FFE2C783EAA000B700E /* Debug */ = {
			isa = XCBuildConfiguration;
			buildSettings = {
				ALWAYS_SEARCH_USER_PATHS = NO;
				ASSETCATALOG_COMPILER_GENERATE_SWIFT_ASSET_SYMBOL_EXTENSIONS = YES;
				CLANG_ANALYZER_NONNULL = YES;
				CLANG_ANALYZER_NUMBER_OBJECT_CONVERSION = YES_AGGRESSIVE;
				CLANG_CXX_LANGUAGE_STANDARD = "gnu++20";
				CLANG_ENABLE_MODULES = YES;
				CLANG_ENABLE_OBJC_ARC = YES;
				CLANG_ENABLE_OBJC_WEAK = YES;
				CLANG_WARN_BLOCK_CAPTURE_AUTORELEASING = YES;
				CLANG_WARN_BOOL_CONVERSION = YES;
				CLANG_WARN_COMMA = YES;
				CLANG_WARN_CONSTANT_CONVERSION = YES;
				CLANG_WARN_DEPRECATED_OBJC_IMPLEMENTATIONS = YES;
				CLANG_WARN_DIRECT_OBJC_ISA_USAGE = YES_ERROR;
				CLANG_WARN_DOCUMENTATION_COMMENTS = YES;
				CLANG_WARN_EMPTY_BODY = YES;
				CLANG_WARN_ENUM_CONVERSION = YES;
				CLANG_WARN_INFINITE_RECURSION = YES;
				CLANG_WARN_INT_CONVERSION = YES;
				CLANG_WARN_NON_LITERAL_NULL_CONVERSION = YES;
				CLANG_WARN_OBJC_IMPLICIT_RETAIN_SELF = YES;
				CLANG_WARN_OBJC_LITERAL_CONVERSION = YES;
				CLANG_WARN_OBJC_ROOT_CLASS = YES_ERROR;
				CLANG_WARN_QUOTED_INCLUDE_IN_FRAMEWORK_HEADER = YES;
				CLANG_WARN_RANGE_LOOP_ANALYSIS = YES;
				CLANG_WARN_STRICT_PROTOTYPES = YES;
				CLANG_WARN_SUSPICIOUS_MOVE = YES;
				CLANG_WARN_UNGUARDED_AVAILABILITY = YES_AGGRESSIVE;
				CLANG_WARN_UNREACHABLE_CODE = YES;
				CLANG_WARN__DUPLICATE_METHOD_MATCH = YES;
				COPY_PHASE_STRIP = NO;
				CURRENT_PROJECT_VERSION = 1;
				DEBUG_INFORMATION_FORMAT = dwarf;
				ENABLE_STRICT_OBJC_MSGSEND = YES;
				ENABLE_TESTABILITY = YES;
				ENABLE_USER_SCRIPT_SANDBOXING = YES;
				GCC_C_LANGUAGE_STANDARD = gnu17;
				GCC_DYNAMIC_NO_PIC = NO;
				GCC_NO_COMMON_BLOCKS = YES;
				GCC_OPTIMIZATION_LEVEL = 0;
				GCC_PREPROCESSOR_DEFINITIONS = (
					"DEBUG=1",
					"$(inherited)",
				);
				GCC_WARN_64_TO_32_BIT_CONVERSION = YES;
				GCC_WARN_ABOUT_RETURN_TYPE = YES_ERROR;
				GCC_WARN_UNDECLARED_SELECTOR = YES;
				GCC_WARN_UNINITIALIZED_AUTOS = YES_AGGRESSIVE;
				GCC_WARN_UNUSED_FUNCTION = YES;
				GCC_WARN_UNUSED_VARIABLE = YES;
				IPHONEOS_DEPLOYMENT_TARGET = 16.0;
				LOCALIZATION_PREFERS_STRING_CATALOGS = YES;
				MTL_ENABLE_DEBUG_INFO = INCLUDE_SOURCE;
				MTL_FAST_MATH = YES;
				ONLY_ACTIVE_ARCH = YES;
				SDKROOT = iphoneos;
				SWIFT_ACTIVE_COMPILATION_CONDITIONS = "DEBUG $(inherited)";
				SWIFT_OPTIMIZATION_LEVEL = "-Onone";
				VERSIONING_SYSTEM = "apple-generic";
				VERSION_INFO_PREFIX = "";
			};
			name = Debug;
		};
		AA471FFF2C783EAA000B700E /* Release */ = {
			isa = XCBuildConfiguration;
			buildSettings = {
				ALWAYS_SEARCH_USER_PATHS = NO;
				ASSETCATALOG_COMPILER_GENERATE_SWIFT_ASSET_SYMBOL_EXTENSIONS = YES;
				CLANG_ANALYZER_NONNULL = YES;
				CLANG_ANALYZER_NUMBER_OBJECT_CONVERSION = YES_AGGRESSIVE;
				CLANG_CXX_LANGUAGE_STANDARD = "gnu++20";
				CLANG_ENABLE_MODULES = YES;
				CLANG_ENABLE_OBJC_ARC = YES;
				CLANG_ENABLE_OBJC_WEAK = YES;
				CLANG_WARN_BLOCK_CAPTURE_AUTORELEASING = YES;
				CLANG_WARN_BOOL_CONVERSION = YES;
				CLANG_WARN_COMMA = YES;
				CLANG_WARN_CONSTANT_CONVERSION = YES;
				CLANG_WARN_DEPRECATED_OBJC_IMPLEMENTATIONS = YES;
				CLANG_WARN_DIRECT_OBJC_ISA_USAGE = YES_ERROR;
				CLANG_WARN_DOCUMENTATION_COMMENTS = YES;
				CLANG_WARN_EMPTY_BODY = YES;
				CLANG_WARN_ENUM_CONVERSION = YES;
				CLANG_WARN_INFINITE_RECURSION = YES;
				CLANG_WARN_INT_CONVERSION = YES;
				CLANG_WARN_NON_LITERAL_NULL_CONVERSION = YES;
				CLANG_WARN_OBJC_IMPLICIT_RETAIN_SELF = YES;
				CLANG_WARN_OBJC_LITERAL_CONVERSION = YES;
				CLANG_WARN_OBJC_ROOT_CLASS = YES_ERROR;
				CLANG_WARN_QUOTED_INCLUDE_IN_FRAMEWORK_HEADER = YES;
				CLANG_WARN_RANGE_LOOP_ANALYSIS = YES;
				CLANG_WARN_STRICT_PROTOTYPES = YES;
				CLANG_WARN_SUSPICIOUS_MOVE = YES;
				CLANG_WARN_UNGUARDED_AVAILABILITY = YES_AGGRESSIVE;
				CLANG_WARN_UNREACHABLE_CODE = YES;
				CLANG_WARN__DUPLICATE_METHOD_MATCH = YES;
				COPY_PHASE_STRIP = NO;
				CURRENT_PROJECT_VERSION = 1;
				DEBUG_INFORMATION_FORMAT = "dwarf-with-dsym";
				ENABLE_NS_ASSERTIONS = NO;
				ENABLE_STRICT_OBJC_MSGSEND = YES;
				ENABLE_USER_SCRIPT_SANDBOXING = YES;
				GCC_C_LANGUAGE_STANDARD = gnu17;
				GCC_NO_COMMON_BLOCKS = YES;
				GCC_WARN_64_TO_32_BIT_CONVERSION = YES;
				GCC_WARN_ABOUT_RETURN_TYPE = YES_ERROR;
				GCC_WARN_UNDECLARED_SELECTOR = YES;
				GCC_WARN_UNINITIALIZED_AUTOS = YES_AGGRESSIVE;
				GCC_WARN_UNUSED_FUNCTION = YES;
				GCC_WARN_UNUSED_VARIABLE = YES;
				IPHONEOS_DEPLOYMENT_TARGET = 16.0;
				LOCALIZATION_PREFERS_STRING_CATALOGS = YES;
				MTL_ENABLE_DEBUG_INFO = NO;
				MTL_FAST_MATH = YES;
				SDKROOT = iphoneos;
				SWIFT_COMPILATION_MODE = wholemodule;
				VALIDATE_PRODUCT = YES;
				VERSIONING_SYSTEM = "apple-generic";
				VERSION_INFO_PREFIX = "";
			};
			name = Release;
		};
		AA4720012C783EAA000B700E /* Debug */ = {
			isa = XCBuildConfiguration;
			buildSettings = {
				BUILD_LIBRARY_FOR_DISTRIBUTION = YES;
				CODE_SIGN_STYLE = Automatic;
				CURRENT_PROJECT_VERSION = 1;
				DEFINES_MODULE = YES;
				DEVELOPMENT_TEAM = 8A4DL788W9;
				DYLIB_COMPATIBILITY_VERSION = 1;
				DYLIB_CURRENT_VERSION = 1;
				DYLIB_INSTALL_NAME_BASE = "@rpath";
				ENABLE_MODULE_VERIFIER = YES;
				GENERATE_INFOPLIST_FILE = YES;
				INFOPLIST_KEY_NSHumanReadableCopyright = "";
				INSTALL_PATH = "$(LOCAL_LIBRARY_DIR)/Frameworks";
				LD_RUNPATH_SEARCH_PATHS = (
					"$(inherited)",
					"@executable_path/Frameworks",
					"@loader_path/Frameworks",
				);
				MARKETING_VERSION = 1.0;
				MODULE_VERIFIER_SUPPORTED_LANGUAGES = "objective-c objective-c++";
				MODULE_VERIFIER_SUPPORTED_LANGUAGE_STANDARDS = "gnu17 gnu++20";
				PRODUCT_BUNDLE_IDENTIFIER = com.joachimneumann.NumberTranslator;
				PRODUCT_NAME = "$(TARGET_NAME:c99extidentifier)";
				SKIP_INSTALL = YES;
				SUPPORTED_PLATFORMS = "iphoneos iphonesimulator macosx";
				SUPPORTS_MACCATALYST = NO;
				SUPPORTS_MAC_DESIGNED_FOR_IPHONE_IPAD = NO;
				SUPPORTS_XR_DESIGNED_FOR_IPHONE_IPAD = NO;
				SWIFT_EMIT_LOC_STRINGS = YES;
				SWIFT_INSTALL_OBJC_HEADER = NO;
				SWIFT_VERSION = 5.0;
				TARGETED_DEVICE_FAMILY = 1;
			};
			name = Debug;
		};
		AA4720022C783EAA000B700E /* Release */ = {
			isa = XCBuildConfiguration;
			buildSettings = {
				BUILD_LIBRARY_FOR_DISTRIBUTION = YES;
				CODE_SIGN_STYLE = Automatic;
				CURRENT_PROJECT_VERSION = 1;
				DEFINES_MODULE = YES;
				DEVELOPMENT_TEAM = 8A4DL788W9;
				DYLIB_COMPATIBILITY_VERSION = 1;
				DYLIB_CURRENT_VERSION = 1;
				DYLIB_INSTALL_NAME_BASE = "@rpath";
				ENABLE_MODULE_VERIFIER = YES;
				GENERATE_INFOPLIST_FILE = YES;
				INFOPLIST_KEY_NSHumanReadableCopyright = "";
				INSTALL_PATH = "$(LOCAL_LIBRARY_DIR)/Frameworks";
				LD_RUNPATH_SEARCH_PATHS = (
					"$(inherited)",
					"@executable_path/Frameworks",
					"@loader_path/Frameworks",
				);
				MARKETING_VERSION = 1.0;
				MODULE_VERIFIER_SUPPORTED_LANGUAGES = "objective-c objective-c++";
				MODULE_VERIFIER_SUPPORTED_LANGUAGE_STANDARDS = "gnu17 gnu++20";
				PRODUCT_BUNDLE_IDENTIFIER = com.joachimneumann.NumberTranslator;
				PRODUCT_NAME = "$(TARGET_NAME:c99extidentifier)";
				SKIP_INSTALL = YES;
				SUPPORTED_PLATFORMS = "iphoneos iphonesimulator macosx";
				SUPPORTS_MACCATALYST = NO;
				SUPPORTS_MAC_DESIGNED_FOR_IPHONE_IPAD = NO;
				SUPPORTS_XR_DESIGNED_FOR_IPHONE_IPAD = NO;
				SWIFT_EMIT_LOC_STRINGS = YES;
				SWIFT_INSTALL_OBJC_HEADER = NO;
				SWIFT_VERSION = 5.0;
				TARGETED_DEVICE_FAMILY = 1;
			};
			name = Release;
		};
		AA4720042C783EAA000B700E /* Debug */ = {
			isa = XCBuildConfiguration;
			buildSettings = {
				CODE_SIGN_STYLE = Automatic;
				CURRENT_PROJECT_VERSION = 1;
				DEVELOPMENT_TEAM = 8A4DL788W9;
				GENERATE_INFOPLIST_FILE = YES;
				MARKETING_VERSION = 1.0;
				PRODUCT_BUNDLE_IDENTIFIER = com.joachimneumann.NumberTranslatorTests;
				PRODUCT_NAME = "$(TARGET_NAME)";
				SUPPORTED_PLATFORMS = macosx;
				SUPPORTS_MACCATALYST = NO;
				SUPPORTS_MAC_DESIGNED_FOR_IPHONE_IPAD = NO;
				SUPPORTS_XR_DESIGNED_FOR_IPHONE_IPAD = NO;
				SWIFT_EMIT_LOC_STRINGS = NO;
				SWIFT_VERSION = 5.0;
			};
			name = Debug;
		};
		AA4720052C783EAA000B700E /* Release */ = {
			isa = XCBuildConfiguration;
			buildSettings = {
				CODE_SIGN_STYLE = Automatic;
				CURRENT_PROJECT_VERSION = 1;
				DEVELOPMENT_TEAM = 8A4DL788W9;
				GENERATE_INFOPLIST_FILE = YES;
				MARKETING_VERSION = 1.0;
				PRODUCT_BUNDLE_IDENTIFIER = com.joachimneumann.NumberTranslatorTests;
				PRODUCT_NAME = "$(TARGET_NAME)";
				SUPPORTED_PLATFORMS = macosx;
				SUPPORTS_MACCATALYST = NO;
				SUPPORTS_MAC_DESIGNED_FOR_IPHONE_IPAD = NO;
				SUPPORTS_XR_DESIGNED_FOR_IPHONE_IPAD = NO;
				SWIFT_EMIT_LOC_STRINGS = NO;
				SWIFT_VERSION = 5.0;
			};
			name = Release;
		};
/* End XCBuildConfiguration section */

/* Begin XCConfigurationList section */
		AA471FE62C783EAA000B700E /* Build configuration list for PBXProject "NumberTranslator" */ = {
			isa = XCConfigurationList;
			buildConfigurations = (
				AA471FFE2C783EAA000B700E /* Debug */,
				AA471FFF2C783EAA000B700E /* Release */,
			);
			defaultConfigurationIsVisible = 0;
			defaultConfigurationName = Release;
		};
		AA4720002C783EAA000B700E /* Build configuration list for PBXNativeTarget "NumberTranslator" */ = {
			isa = XCConfigurationList;
			buildConfigurations = (
				AA4720012C783EAA000B700E /* Debug */,
				AA4720022C783EAA000B700E /* Release */,
			);
			defaultConfigurationIsVisible = 0;
			defaultConfigurationName = Release;
		};
		AA4720032C783EAA000B700E /* Build configuration list for PBXNativeTarget "NumberTranslatorTests" */ = {
			isa = XCConfigurationList;
			buildConfigurations = (
				AA4720042C783EAA000B700E /* Debug */,
				AA4720052C783EAA000B700E /* Release */,
			);
			defaultConfigurationIsVisible = 0;
			defaultConfigurationName = Release;
		};
/* End XCConfigurationList section */
	};
	rootObject = AA471FE32C783EAA000B700E /* Project object */;
}
